// !$*UTF8*$!
{
	archiveVersion = 1;
	classes = {
	};
	objectVersion = 46;
	objects = {

/* Begin PBXBuildFile section */
		7DD9535F14771D0F0006BF23 /* CoreData.framework in Frameworks */ = {isa = PBXBuildFile; fileRef = 7DD9535E14771D0F0006BF23 /* CoreData.framework */; };
		7DD9536114771D0F0006BF23 /* SystemConfiguration.framework in Frameworks */ = {isa = PBXBuildFile; fileRef = 7DD9536014771D0F0006BF23 /* SystemConfiguration.framework */; };
		7DD9536314771D0F0006BF23 /* Security.framework in Frameworks */ = {isa = PBXBuildFile; fileRef = 7DD9536214771D0F0006BF23 /* Security.framework */; };
		7DD9536514771D0F0006BF23 /* UIKit.framework in Frameworks */ = {isa = PBXBuildFile; fileRef = 7DD9536414771D0F0006BF23 /* UIKit.framework */; };
		7DD9536714771D0F0006BF23 /* Foundation.framework in Frameworks */ = {isa = PBXBuildFile; fileRef = 7DD9536614771D0F0006BF23 /* Foundation.framework */; };
		7DD9536914771D0F0006BF23 /* CoreGraphics.framework in Frameworks */ = {isa = PBXBuildFile; fileRef = 7DD9536814771D0F0006BF23 /* CoreGraphics.framework */; };
		7DD9536B14771D0F0006BF23 /* CFNetwork.framework in Frameworks */ = {isa = PBXBuildFile; fileRef = 7DD9536A14771D0F0006BF23 /* CFNetwork.framework */; };
		7DD9536D14771D0F0006BF23 /* MobileCoreServices.framework in Frameworks */ = {isa = PBXBuildFile; fileRef = 7DD9536C14771D0F0006BF23 /* MobileCoreServices.framework */; };
		7DD9537314771D0F0006BF23 /* InfoPlist.strings in Resources */ = {isa = PBXBuildFile; fileRef = 7DD9537114771D0F0006BF23 /* InfoPlist.strings */; };
		7DD9537514771D0F0006BF23 /* main.m in Sources */ = {isa = PBXBuildFile; fileRef = 7DD9537414771D0F0006BF23 /* main.m */; };
		7DD9537714771D0F0006BF23 /* CloudTunesNative-Prefix.pch in Resources */ = {isa = PBXBuildFile; fileRef = 7DD9537614771D0F0006BF23 /* CloudTunesNative-Prefix.pch */; };
		7DD9541714771D120006BF23 /* icon-72.png in Resources */ = {isa = PBXBuildFile; fileRef = 7DD9541614771D120006BF23 /* icon-72.png */; };
		7DD9541914771D120006BF23 /* icon.png in Resources */ = {isa = PBXBuildFile; fileRef = 7DD9541814771D120006BF23 /* icon.png */; };
		7DD9541B14771D120006BF23 /* icon@2x.png in Resources */ = {isa = PBXBuildFile; fileRef = 7DD9541A14771D120006BF23 /* icon@2x.png */; };
		7DD9541E14771D120006BF23 /* Default-Landscape~ipad.png in Resources */ = {isa = PBXBuildFile; fileRef = 7DD9541D14771D120006BF23 /* Default-Landscape~ipad.png */; };
		7DD9542014771D120006BF23 /* Default-Portrait~ipad.png in Resources */ = {isa = PBXBuildFile; fileRef = 7DD9541F14771D120006BF23 /* Default-Portrait~ipad.png */; };
		7DD9542214771D120006BF23 /* Default.png in Resources */ = {isa = PBXBuildFile; fileRef = 7DD9542114771D120006BF23 /* Default.png */; };
		7DD9542414771D120006BF23 /* Default@2x.png in Resources */ = {isa = PBXBuildFile; fileRef = 7DD9542314771D120006BF23 /* Default@2x.png */; };
		7DD9542614771D120006BF23 /* Default~iPad.png in Resources */ = {isa = PBXBuildFile; fileRef = 7DD9542514771D120006BF23 /* Default~iPad.png */; };
		7DD9542814771D120006BF23 /* readme.txt in Resources */ = {isa = PBXBuildFile; fileRef = 7DD9542714771D120006BF23 /* readme.txt */; };
		7DD9542C14771D120006BF23 /* AppDelegate.m in Sources */ = {isa = PBXBuildFile; fileRef = 7DD9542B14771D120006BF23 /* AppDelegate.m */; };
		7DD9542F14771D120006BF23 /* RootViewController.m in Sources */ = {isa = PBXBuildFile; fileRef = 7DD9542E14771D120006BF23 /* RootViewController.m */; };
		7DD9543314771D120006BF23 /* SFAuthorizingViewController.m in Sources */ = {isa = PBXBuildFile; fileRef = 7DD9543214771D120006BF23 /* SFAuthorizingViewController.m */; };
		7DD9543514771D120006BF23 /* SFAuthorizingViewController.xib in Resources */ = {isa = PBXBuildFile; fileRef = 7DD9543414771D120006BF23 /* SFAuthorizingViewController.xib */; };
		7DD9543814771D120006BF23 /* SFNativeRestAppDelegate.m in Sources */ = {isa = PBXBuildFile; fileRef = 7DD9543714771D120006BF23 /* SFNativeRestAppDelegate.m */; };
		7DD9543A14771D120006BF23 /* libxml2.dylib in Frameworks */ = {isa = PBXBuildFile; fileRef = 7DD9543914771D120006BF23 /* libxml2.dylib */; };
		7DD9543C14771D130006BF23 /* Settings.bundle in Resources */ = {isa = PBXBuildFile; fileRef = 7DD9543B14771D130006BF23 /* Settings.bundle */; };
		7DD9544614771D5A0006BF23 /* TrackDetailsViewController.m in Sources */ = {isa = PBXBuildFile; fileRef = 7DD9544214771D5A0006BF23 /* TrackDetailsViewController.m */; };
		7DD9544714771D5A0006BF23 /* TrackDetailsViewController.xib in Resources */ = {isa = PBXBuildFile; fileRef = 7DD9544314771D5A0006BF23 /* TrackDetailsViewController.xib */; };
		82DD458614F8BA6C0093B2DF /* libRestKit.a in Frameworks */ = {isa = PBXBuildFile; fileRef = 82DD458514F8BA6C0093B2DF /* libRestKit.a */; };
		82DD458D14F8BB730093B2DF /* libSalesforceOAuth.a in Frameworks */ = {isa = PBXBuildFile; fileRef = 82DD458C14F8BB730093B2DF /* libSalesforceOAuth.a */; };
		82DD459414F8BC080093B2DF /* libSalesforceSDK.a in Frameworks */ = {isa = PBXBuildFile; fileRef = 82DD459314F8BC080093B2DF /* libSalesforceSDK.a */; };
/* End PBXBuildFile section */

/* Begin PBXFileReference section */
		7DD9535A14771D0F0006BF23 /* CloudTunesNative.app */ = {isa = PBXFileReference; explicitFileType = wrapper.application; includeInIndex = 0; path = CloudTunesNative.app; sourceTree = BUILT_PRODUCTS_DIR; };
		7DD9535E14771D0F0006BF23 /* CoreData.framework */ = {isa = PBXFileReference; lastKnownFileType = wrapper.framework; name = CoreData.framework; path = System/Library/Frameworks/CoreData.framework; sourceTree = SDKROOT; };
		7DD9536014771D0F0006BF23 /* SystemConfiguration.framework */ = {isa = PBXFileReference; lastKnownFileType = wrapper.framework; name = SystemConfiguration.framework; path = System/Library/Frameworks/SystemConfiguration.framework; sourceTree = SDKROOT; };
		7DD9536214771D0F0006BF23 /* Security.framework */ = {isa = PBXFileReference; lastKnownFileType = wrapper.framework; name = Security.framework; path = System/Library/Frameworks/Security.framework; sourceTree = SDKROOT; };
		7DD9536414771D0F0006BF23 /* UIKit.framework */ = {isa = PBXFileReference; lastKnownFileType = wrapper.framework; name = UIKit.framework; path = System/Library/Frameworks/UIKit.framework; sourceTree = SDKROOT; };
		7DD9536614771D0F0006BF23 /* Foundation.framework */ = {isa = PBXFileReference; lastKnownFileType = wrapper.framework; name = Foundation.framework; path = System/Library/Frameworks/Foundation.framework; sourceTree = SDKROOT; };
		7DD9536814771D0F0006BF23 /* CoreGraphics.framework */ = {isa = PBXFileReference; lastKnownFileType = wrapper.framework; name = CoreGraphics.framework; path = System/Library/Frameworks/CoreGraphics.framework; sourceTree = SDKROOT; };
		7DD9536A14771D0F0006BF23 /* CFNetwork.framework */ = {isa = PBXFileReference; lastKnownFileType = wrapper.framework; name = CFNetwork.framework; path = System/Library/Frameworks/CFNetwork.framework; sourceTree = SDKROOT; };
		7DD9536C14771D0F0006BF23 /* MobileCoreServices.framework */ = {isa = PBXFileReference; lastKnownFileType = wrapper.framework; name = MobileCoreServices.framework; path = System/Library/Frameworks/MobileCoreServices.framework; sourceTree = SDKROOT; };
		7DD9537014771D0F0006BF23 /* CloudTunesNative-Info.plist */ = {isa = PBXFileReference; lastKnownFileType = text.plist.xml; path = "CloudTunesNative-Info.plist"; sourceTree = "<group>"; };
		7DD9537214771D0F0006BF23 /* en */ = {isa = PBXFileReference; lastKnownFileType = text.plist.strings; name = en; path = en.lproj/InfoPlist.strings; sourceTree = "<group>"; };
		7DD9537414771D0F0006BF23 /* main.m */ = {isa = PBXFileReference; lastKnownFileType = sourcecode.c.objc; path = main.m; sourceTree = "<group>"; };
		7DD9537614771D0F0006BF23 /* CloudTunesNative-Prefix.pch */ = {isa = PBXFileReference; lastKnownFileType = sourcecode.c.h; path = "CloudTunesNative-Prefix.pch"; sourceTree = "<group>"; };
		7DD9541614771D120006BF23 /* icon-72.png */ = {isa = PBXFileReference; lastKnownFileType = image.png; name = "icon-72.png"; path = "Resources/icons/icon-72.png"; sourceTree = "<group>"; };
		7DD9541814771D120006BF23 /* icon.png */ = {isa = PBXFileReference; lastKnownFileType = image.png; name = icon.png; path = Resources/icons/icon.png; sourceTree = "<group>"; };
		7DD9541A14771D120006BF23 /* icon@2x.png */ = {isa = PBXFileReference; lastKnownFileType = image.png; name = "icon@2x.png"; path = "Resources/icons/icon@2x.png"; sourceTree = "<group>"; };
		7DD9541D14771D120006BF23 /* Default-Landscape~ipad.png */ = {isa = PBXFileReference; lastKnownFileType = image.png; name = "Default-Landscape~ipad.png"; path = "Resources/splash/Default-Landscape~ipad.png"; sourceTree = "<group>"; };
		7DD9541F14771D120006BF23 /* Default-Portrait~ipad.png */ = {isa = PBXFileReference; lastKnownFileType = image.png; name = "Default-Portrait~ipad.png"; path = "Resources/splash/Default-Portrait~ipad.png"; sourceTree = "<group>"; };
		7DD9542114771D120006BF23 /* Default.png */ = {isa = PBXFileReference; lastKnownFileType = image.png; name = Default.png; path = Resources/splash/Default.png; sourceTree = "<group>"; };
		7DD9542314771D120006BF23 /* Default@2x.png */ = {isa = PBXFileReference; lastKnownFileType = image.png; name = "Default@2x.png"; path = "Resources/splash/Default@2x.png"; sourceTree = "<group>"; };
		7DD9542514771D120006BF23 /* Default~iPad.png */ = {isa = PBXFileReference; lastKnownFileType = image.png; name = "Default~iPad.png"; path = "Resources/splash/Default~iPad.png"; sourceTree = "<group>"; };
		7DD9542714771D120006BF23 /* readme.txt */ = {isa = PBXFileReference; lastKnownFileType = text; path = readme.txt; sourceTree = "<group>"; };
		7DD9542A14771D120006BF23 /* AppDelegate.h */ = {isa = PBXFileReference; lastKnownFileType = sourcecode.c.h; name = AppDelegate.h; path = Classes/AppDelegate.h; sourceTree = "<group>"; };
		7DD9542B14771D120006BF23 /* AppDelegate.m */ = {isa = PBXFileReference; lastKnownFileType = sourcecode.c.objc; name = AppDelegate.m; path = Classes/AppDelegate.m; sourceTree = "<group>"; };
		7DD9542D14771D120006BF23 /* RootViewController.h */ = {isa = PBXFileReference; lastKnownFileType = sourcecode.c.h; name = RootViewController.h; path = Classes/RootViewController.h; sourceTree = "<group>"; };
		7DD9542E14771D120006BF23 /* RootViewController.m */ = {isa = PBXFileReference; lastKnownFileType = sourcecode.c.objc; name = RootViewController.m; path = Classes/RootViewController.m; sourceTree = "<group>"; };
		7DD9543114771D120006BF23 /* SFAuthorizingViewController.h */ = {isa = PBXFileReference; lastKnownFileType = sourcecode.c.h; name = SFAuthorizingViewController.h; path = NativeRestApp/SFAuthorizingViewController.h; sourceTree = "<group>"; };
		7DD9543214771D120006BF23 /* SFAuthorizingViewController.m */ = {isa = PBXFileReference; lastKnownFileType = sourcecode.c.objc; name = SFAuthorizingViewController.m; path = NativeRestApp/SFAuthorizingViewController.m; sourceTree = "<group>"; };
		7DD9543414771D120006BF23 /* SFAuthorizingViewController.xib */ = {isa = PBXFileReference; lastKnownFileType = file.xib; name = SFAuthorizingViewController.xib; path = NativeRestApp/SFAuthorizingViewController.xib; sourceTree = "<group>"; };
		7DD9543614771D120006BF23 /* SFNativeRestAppDelegate.h */ = {isa = PBXFileReference; lastKnownFileType = sourcecode.c.h; name = SFNativeRestAppDelegate.h; path = NativeRestApp/SFNativeRestAppDelegate.h; sourceTree = "<group>"; };
		7DD9543714771D120006BF23 /* SFNativeRestAppDelegate.m */ = {isa = PBXFileReference; lastKnownFileType = sourcecode.c.objc; name = SFNativeRestAppDelegate.m; path = NativeRestApp/SFNativeRestAppDelegate.m; sourceTree = "<group>"; };
		7DD9543914771D120006BF23 /* libxml2.dylib */ = {isa = PBXFileReference; lastKnownFileType = "compiled.mach-o.dylib"; name = libxml2.dylib; path = /usr/lib/libxml2.dylib; sourceTree = SDKROOT; };
		7DD9543B14771D130006BF23 /* Settings.bundle */ = {isa = PBXFileReference; lastKnownFileType = "wrapper.plug-in"; path = Settings.bundle; sourceTree = "<group>"; };
		7DD9544214771D5A0006BF23 /* TrackDetailsViewController.m */ = {isa = PBXFileReference; fileEncoding = 4; lastKnownFileType = sourcecode.c.objc; name = TrackDetailsViewController.m; path = Classes/TrackDetailsViewController.m; sourceTree = "<group>"; };
		7DD9544314771D5A0006BF23 /* TrackDetailsViewController.xib */ = {isa = PBXFileReference; fileEncoding = 4; lastKnownFileType = file.xib; name = TrackDetailsViewController.xib; path = Classes/TrackDetailsViewController.xib; sourceTree = "<group>"; };
		7DD9544414771D5A0006BF23 /* TrackDetailsViewController.h */ = {isa = PBXFileReference; fileEncoding = 4; lastKnownFileType = sourcecode.c.h; name = TrackDetailsViewController.h; path = Classes/TrackDetailsViewController.h; sourceTree = "<group>"; };
		82DD453514F8BA6C0093B2DF /* CoreData.h */ = {isa = PBXFileReference; fileEncoding = 4; lastKnownFileType = sourcecode.c.h; path = CoreData.h; sourceTree = "<group>"; };
		82DD453614F8BA6C0093B2DF /* Errors.h */ = {isa = PBXFileReference; fileEncoding = 4; lastKnownFileType = sourcecode.c.h; path = Errors.h; sourceTree = "<group>"; };
		82DD453714F8BA6C0093B2DF /* FileMD5Hash.h */ = {isa = PBXFileReference; fileEncoding = 4; lastKnownFileType = sourcecode.c.h; path = FileMD5Hash.h; sourceTree = "<group>"; };
		82DD453814F8BA6C0093B2DF /* GCOAuth.h */ = {isa = PBXFileReference; fileEncoding = 4; lastKnownFileType = sourcecode.c.h; path = GCOAuth.h; sourceTree = "<group>"; };
		82DD453914F8BA6C0093B2DF /* JSONKit.h */ = {isa = PBXFileReference; fileEncoding = 4; lastKnownFileType = sourcecode.c.h; path = JSONKit.h; sourceTree = "<group>"; };
		82DD453A14F8BA6C0093B2DF /* lcl.h */ = {isa = PBXFileReference; fileEncoding = 4; lastKnownFileType = sourcecode.c.h; path = lcl.h; sourceTree = "<group>"; };
		82DD453B14F8BA6C0093B2DF /* lcl_config_components.h */ = {isa = PBXFileReference; fileEncoding = 4; lastKnownFileType = sourcecode.c.h; path = lcl_config_components.h; sourceTree = "<group>"; };
		82DD453C14F8BA6C0093B2DF /* lcl_config_components.template.h */ = {isa = PBXFileReference; fileEncoding = 4; lastKnownFileType = sourcecode.c.h; path = lcl_config_components.template.h; sourceTree = "<group>"; };
		82DD453D14F8BA6C0093B2DF /* lcl_config_extensions.h */ = {isa = PBXFileReference; fileEncoding = 4; lastKnownFileType = sourcecode.c.h; path = lcl_config_extensions.h; sourceTree = "<group>"; };
		82DD453E14F8BA6C0093B2DF /* lcl_config_extensions.template.h */ = {isa = PBXFileReference; fileEncoding = 4; lastKnownFileType = sourcecode.c.h; path = lcl_config_extensions.template.h; sourceTree = "<group>"; };
		82DD453F14F8BA6C0093B2DF /* lcl_config_logger.h */ = {isa = PBXFileReference; fileEncoding = 4; lastKnownFileType = sourcecode.c.h; path = lcl_config_logger.h; sourceTree = "<group>"; };
		82DD454014F8BA6C0093B2DF /* lcl_config_logger.template.h */ = {isa = PBXFileReference; fileEncoding = 4; lastKnownFileType = sourcecode.c.h; path = lcl_config_logger.template.h; sourceTree = "<group>"; };
		82DD454114F8BA6C0093B2DF /* LCLNSLog.h */ = {isa = PBXFileReference; fileEncoding = 4; lastKnownFileType = sourcecode.c.h; path = LCLNSLog.h; sourceTree = "<group>"; };
		82DD454214F8BA6C0093B2DF /* Network.h */ = {isa = PBXFileReference; fileEncoding = 4; lastKnownFileType = sourcecode.c.h; path = Network.h; sourceTree = "<group>"; };
		82DD454314F8BA6C0093B2DF /* NSData+Base64.h */ = {isa = PBXFileReference; fileEncoding = 4; lastKnownFileType = sourcecode.c.h; path = "NSData+Base64.h"; sourceTree = "<group>"; };
		82DD454414F8BA6C0093B2DF /* NSData+MD5.h */ = {isa = PBXFileReference; fileEncoding = 4; lastKnownFileType = sourcecode.c.h; path = "NSData+MD5.h"; sourceTree = "<group>"; };
		82DD454514F8BA6C0093B2DF /* NSDictionary+RKAdditions.h */ = {isa = PBXFileReference; fileEncoding = 4; lastKnownFileType = sourcecode.c.h; path = "NSDictionary+RKAdditions.h"; sourceTree = "<group>"; };
		82DD454614F8BA6C0093B2DF /* NSDictionary+RKRequestSerialization.h */ = {isa = PBXFileReference; fileEncoding = 4; lastKnownFileType = sourcecode.c.h; path = "NSDictionary+RKRequestSerialization.h"; sourceTree = "<group>"; };
		82DD454714F8BA6C0093B2DF /* NSManagedObject+ActiveRecord.h */ = {isa = PBXFileReference; fileEncoding = 4; lastKnownFileType = sourcecode.c.h; path = "NSManagedObject+ActiveRecord.h"; sourceTree = "<group>"; };
		82DD454814F8BA6C0093B2DF /* NSString+MD5.h */ = {isa = PBXFileReference; fileEncoding = 4; lastKnownFileType = sourcecode.c.h; path = "NSString+MD5.h"; sourceTree = "<group>"; };
		82DD454914F8BA6C0093B2DF /* NSString+RestKit.h */ = {isa = PBXFileReference; fileEncoding = 4; lastKnownFileType = sourcecode.c.h; path = "NSString+RestKit.h"; sourceTree = "<group>"; };
		82DD454A14F8BA6C0093B2DF /* NSURL+RestKit.h */ = {isa = PBXFileReference; fileEncoding = 4; lastKnownFileType = sourcecode.c.h; path = "NSURL+RestKit.h"; sourceTree = "<group>"; };
		82DD454B14F8BA6C0093B2DF /* ObjectMapping.h */ = {isa = PBXFileReference; fileEncoding = 4; lastKnownFileType = sourcecode.c.h; path = ObjectMapping.h; sourceTree = "<group>"; };
		82DD454C14F8BA6C0093B2DF /* RestKit.h */ = {isa = PBXFileReference; fileEncoding = 4; lastKnownFileType = sourcecode.c.h; path = RestKit.h; sourceTree = "<group>"; };
		82DD454D14F8BA6C0093B2DF /* RKAlert.h */ = {isa = PBXFileReference; fileEncoding = 4; lastKnownFileType = sourcecode.c.h; path = RKAlert.h; sourceTree = "<group>"; };
		82DD454E14F8BA6C0093B2DF /* RKClient.h */ = {isa = PBXFileReference; fileEncoding = 4; lastKnownFileType = sourcecode.c.h; path = RKClient.h; sourceTree = "<group>"; };
		82DD454F14F8BA6C0093B2DF /* RKDirectory.h */ = {isa = PBXFileReference; fileEncoding = 4; lastKnownFileType = sourcecode.c.h; path = RKDirectory.h; sourceTree = "<group>"; };
		82DD455014F8BA6C0093B2DF /* RKDotNetDateFormatter.h */ = {isa = PBXFileReference; fileEncoding = 4; lastKnownFileType = sourcecode.c.h; path = RKDotNetDateFormatter.h; sourceTree = "<group>"; };
		82DD455114F8BA6C0093B2DF /* RKDynamicObjectMapping.h */ = {isa = PBXFileReference; fileEncoding = 4; lastKnownFileType = sourcecode.c.h; path = RKDynamicObjectMapping.h; sourceTree = "<group>"; };
		82DD455214F8BA6C0093B2DF /* RKErrorMessage.h */ = {isa = PBXFileReference; fileEncoding = 4; lastKnownFileType = sourcecode.c.h; path = RKErrorMessage.h; sourceTree = "<group>"; };
		82DD455314F8BA6C0093B2DF /* RKFixCategoryBug.h */ = {isa = PBXFileReference; fileEncoding = 4; lastKnownFileType = sourcecode.c.h; path = RKFixCategoryBug.h; sourceTree = "<group>"; };
		82DD455414F8BA6C0093B2DF /* RKJSONParserJSONKit.h */ = {isa = PBXFileReference; fileEncoding = 4; lastKnownFileType = sourcecode.c.h; path = RKJSONParserJSONKit.h; sourceTree = "<group>"; };
		82DD455514F8BA6C0093B2DF /* RKLog.h */ = {isa = PBXFileReference; fileEncoding = 4; lastKnownFileType = sourcecode.c.h; path = RKLog.h; sourceTree = "<group>"; };
		82DD455614F8BA6C0093B2DF /* RKManagedObjectCache.h */ = {isa = PBXFileReference; fileEncoding = 4; lastKnownFileType = sourcecode.c.h; path = RKManagedObjectCache.h; sourceTree = "<group>"; };
		82DD455714F8BA6C0093B2DF /* RKManagedObjectLoader.h */ = {isa = PBXFileReference; fileEncoding = 4; lastKnownFileType = sourcecode.c.h; path = RKManagedObjectLoader.h; sourceTree = "<group>"; };
		82DD455814F8BA6C0093B2DF /* RKManagedObjectMapping.h */ = {isa = PBXFileReference; fileEncoding = 4; lastKnownFileType = sourcecode.c.h; path = RKManagedObjectMapping.h; sourceTree = "<group>"; };
		82DD455914F8BA6C0093B2DF /* RKManagedObjectMappingOperation.h */ = {isa = PBXFileReference; fileEncoding = 4; lastKnownFileType = sourcecode.c.h; path = RKManagedObjectMappingOperation.h; sourceTree = "<group>"; };
		82DD455A14F8BA6C0093B2DF /* RKManagedObjectSeeder.h */ = {isa = PBXFileReference; fileEncoding = 4; lastKnownFileType = sourcecode.c.h; path = RKManagedObjectSeeder.h; sourceTree = "<group>"; };
		82DD455B14F8BA6C0093B2DF /* RKManagedObjectStore.h */ = {isa = PBXFileReference; fileEncoding = 4; lastKnownFileType = sourcecode.c.h; path = RKManagedObjectStore.h; sourceTree = "<group>"; };
		82DD455C14F8BA6C0093B2DF /* RKManagedObjectThreadSafeInvocation.h */ = {isa = PBXFileReference; fileEncoding = 4; lastKnownFileType = sourcecode.c.h; path = RKManagedObjectThreadSafeInvocation.h; sourceTree = "<group>"; };
		82DD455D14F8BA6C0093B2DF /* RKMappingOperationQueue.h */ = {isa = PBXFileReference; fileEncoding = 4; lastKnownFileType = sourcecode.c.h; path = RKMappingOperationQueue.h; sourceTree = "<group>"; };
		82DD455E14F8BA6C0093B2DF /* RKMIMETypes.h */ = {isa = PBXFileReference; fileEncoding = 4; lastKnownFileType = sourcecode.c.h; path = RKMIMETypes.h; sourceTree = "<group>"; };
		82DD455F14F8BA6C0093B2DF /* RKNotifications.h */ = {isa = PBXFileReference; fileEncoding = 4; lastKnownFileType = sourcecode.c.h; path = RKNotifications.h; sourceTree = "<group>"; };
		82DD456014F8BA6C0093B2DF /* RKOAuthClient.h */ = {isa = PBXFileReference; fileEncoding = 4; lastKnownFileType = sourcecode.c.h; path = RKOAuthClient.h; sourceTree = "<group>"; };
		82DD456114F8BA6C0093B2DF /* RKObjectAttributeMapping.h */ = {isa = PBXFileReference; fileEncoding = 4; lastKnownFileType = sourcecode.c.h; path = RKObjectAttributeMapping.h; sourceTree = "<group>"; };
		82DD456214F8BA6C0093B2DF /* RKObjectLoader.h */ = {isa = PBXFileReference; fileEncoding = 4; lastKnownFileType = sourcecode.c.h; path = RKObjectLoader.h; sourceTree = "<group>"; };
		82DD456314F8BA6C0093B2DF /* RKObjectLoader_Internals.h */ = {isa = PBXFileReference; fileEncoding = 4; lastKnownFileType = sourcecode.c.h; path = RKObjectLoader_Internals.h; sourceTree = "<group>"; };
		82DD456414F8BA6C0093B2DF /* RKObjectManager.h */ = {isa = PBXFileReference; fileEncoding = 4; lastKnownFileType = sourcecode.c.h; path = RKObjectManager.h; sourceTree = "<group>"; };
		82DD456514F8BA6C0093B2DF /* RKObjectMapper.h */ = {isa = PBXFileReference; fileEncoding = 4; lastKnownFileType = sourcecode.c.h; path = RKObjectMapper.h; sourceTree = "<group>"; };
		82DD456614F8BA6C0093B2DF /* RKObjectMapper_Private.h */ = {isa = PBXFileReference; fileEncoding = 4; lastKnownFileType = sourcecode.c.h; path = RKObjectMapper_Private.h; sourceTree = "<group>"; };
		82DD456714F8BA6C0093B2DF /* RKObjectMapperError.h */ = {isa = PBXFileReference; fileEncoding = 4; lastKnownFileType = sourcecode.c.h; path = RKObjectMapperError.h; sourceTree = "<group>"; };
		82DD456814F8BA6C0093B2DF /* RKObjectMapping.h */ = {isa = PBXFileReference; fileEncoding = 4; lastKnownFileType = sourcecode.c.h; path = RKObjectMapping.h; sourceTree = "<group>"; };
		82DD456914F8BA6C0093B2DF /* RKObjectMappingDefinition.h */ = {isa = PBXFileReference; fileEncoding = 4; lastKnownFileType = sourcecode.c.h; path = RKObjectMappingDefinition.h; sourceTree = "<group>"; };
		82DD456A14F8BA6C0093B2DF /* RKObjectMappingOperation.h */ = {isa = PBXFileReference; fileEncoding = 4; lastKnownFileType = sourcecode.c.h; path = RKObjectMappingOperation.h; sourceTree = "<group>"; };
		82DD456B14F8BA6C0093B2DF /* RKObjectMappingProvider.h */ = {isa = PBXFileReference; fileEncoding = 4; lastKnownFileType = sourcecode.c.h; path = RKObjectMappingProvider.h; sourceTree = "<group>"; };
		82DD456C14F8BA6C0093B2DF /* RKObjectMappingResult.h */ = {isa = PBXFileReference; fileEncoding = 4; lastKnownFileType = sourcecode.c.h; path = RKObjectMappingResult.h; sourceTree = "<group>"; };
		82DD456D14F8BA6C0093B2DF /* RKObjectPropertyInspector+CoreData.h */ = {isa = PBXFileReference; fileEncoding = 4; lastKnownFileType = sourcecode.c.h; path = "RKObjectPropertyInspector+CoreData.h"; sourceTree = "<group>"; };
		82DD456E14F8BA6C0093B2DF /* RKObjectPropertyInspector.h */ = {isa = PBXFileReference; fileEncoding = 4; lastKnownFileType = sourcecode.c.h; path = RKObjectPropertyInspector.h; sourceTree = "<group>"; };
		82DD456F14F8BA6C0093B2DF /* RKObjectRelationshipMapping.h */ = {isa = PBXFileReference; fileEncoding = 4; lastKnownFileType = sourcecode.c.h; path = RKObjectRelationshipMapping.h; sourceTree = "<group>"; };
		82DD457014F8BA6C0093B2DF /* RKObjectRouter.h */ = {isa = PBXFileReference; fileEncoding = 4; lastKnownFileType = sourcecode.c.h; path = RKObjectRouter.h; sourceTree = "<group>"; };
		82DD457114F8BA6C0093B2DF /* RKObjectSerializer.h */ = {isa = PBXFileReference; fileEncoding = 4; lastKnownFileType = sourcecode.c.h; path = RKObjectSerializer.h; sourceTree = "<group>"; };
		82DD457214F8BA6C0093B2DF /* RKParams.h */ = {isa = PBXFileReference; fileEncoding = 4; lastKnownFileType = sourcecode.c.h; path = RKParams.h; sourceTree = "<group>"; };
		82DD457314F8BA6C0093B2DF /* RKParamsAttachment.h */ = {isa = PBXFileReference; fileEncoding = 4; lastKnownFileType = sourcecode.c.h; path = RKParamsAttachment.h; sourceTree = "<group>"; };
		82DD457414F8BA6C0093B2DF /* RKParser.h */ = {isa = PBXFileReference; fileEncoding = 4; lastKnownFileType = sourcecode.c.h; path = RKParser.h; sourceTree = "<group>"; };
		82DD457514F8BA6C0093B2DF /* RKParserRegistry.h */ = {isa = PBXFileReference; fileEncoding = 4; lastKnownFileType = sourcecode.c.h; path = RKParserRegistry.h; sourceTree = "<group>"; };
		82DD457614F8BA6C0093B2DF /* RKPathMatcher.h */ = {isa = PBXFileReference; fileEncoding = 4; lastKnownFileType = sourcecode.c.h; path = RKPathMatcher.h; sourceTree = "<group>"; };
		82DD457714F8BA6C0093B2DF /* RKReachabilityObserver.h */ = {isa = PBXFileReference; fileEncoding = 4; lastKnownFileType = sourcecode.c.h; path = RKReachabilityObserver.h; sourceTree = "<group>"; };
		82DD457814F8BA6C0093B2DF /* RKRequest.h */ = {isa = PBXFileReference; fileEncoding = 4; lastKnownFileType = sourcecode.c.h; path = RKRequest.h; sourceTree = "<group>"; };
		82DD457914F8BA6C0093B2DF /* RKRequest_Internals.h */ = {isa = PBXFileReference; fileEncoding = 4; lastKnownFileType = sourcecode.c.h; path = RKRequest_Internals.h; sourceTree = "<group>"; };
		82DD457A14F8BA6C0093B2DF /* RKRequestCache.h */ = {isa = PBXFileReference; fileEncoding = 4; lastKnownFileType = sourcecode.c.h; path = RKRequestCache.h; sourceTree = "<group>"; };
		82DD457B14F8BA6C0093B2DF /* RKRequestQueue.h */ = {isa = PBXFileReference; fileEncoding = 4; lastKnownFileType = sourcecode.c.h; path = RKRequestQueue.h; sourceTree = "<group>"; };
		82DD457C14F8BA6C0093B2DF /* RKRequestSerializable.h */ = {isa = PBXFileReference; fileEncoding = 4; lastKnownFileType = sourcecode.c.h; path = RKRequestSerializable.h; sourceTree = "<group>"; };
		82DD457D14F8BA6C0093B2DF /* RKRequestSerialization.h */ = {isa = PBXFileReference; fileEncoding = 4; lastKnownFileType = sourcecode.c.h; path = RKRequestSerialization.h; sourceTree = "<group>"; };
		82DD457E14F8BA6C0093B2DF /* RKResponse.h */ = {isa = PBXFileReference; fileEncoding = 4; lastKnownFileType = sourcecode.c.h; path = RKResponse.h; sourceTree = "<group>"; };
		82DD457F14F8BA6C0093B2DF /* RKRouter.h */ = {isa = PBXFileReference; fileEncoding = 4; lastKnownFileType = sourcecode.c.h; path = RKRouter.h; sourceTree = "<group>"; };
		82DD458014F8BA6C0093B2DF /* RKSearchEngine.h */ = {isa = PBXFileReference; fileEncoding = 4; lastKnownFileType = sourcecode.c.h; path = RKSearchEngine.h; sourceTree = "<group>"; };
		82DD458114F8BA6C0093B2DF /* RKURL.h */ = {isa = PBXFileReference; fileEncoding = 4; lastKnownFileType = sourcecode.c.h; path = RKURL.h; sourceTree = "<group>"; };
		82DD458214F8BA6C0093B2DF /* RKXMLParserLibXML.h */ = {isa = PBXFileReference; fileEncoding = 4; lastKnownFileType = sourcecode.c.h; path = RKXMLParserLibXML.h; sourceTree = "<group>"; };
		82DD458314F8BA6C0093B2DF /* SOCKit.h */ = {isa = PBXFileReference; fileEncoding = 4; lastKnownFileType = sourcecode.c.h; path = SOCKit.h; sourceTree = "<group>"; };
		82DD458414F8BA6C0093B2DF /* Support.h */ = {isa = PBXFileReference; fileEncoding = 4; lastKnownFileType = sourcecode.c.h; path = Support.h; sourceTree = "<group>"; };
		82DD458514F8BA6C0093B2DF /* libRestKit.a */ = {isa = PBXFileReference; lastKnownFileType = archive.ar; path = libRestKit.a; sourceTree = "<group>"; };
		82DD458A14F8BB730093B2DF /* SFOAuthCoordinator.h */ = {isa = PBXFileReference; fileEncoding = 4; lastKnownFileType = sourcecode.c.h; path = SFOAuthCoordinator.h; sourceTree = "<group>"; };
		82DD458B14F8BB730093B2DF /* SFOAuthCredentials.h */ = {isa = PBXFileReference; fileEncoding = 4; lastKnownFileType = sourcecode.c.h; path = SFOAuthCredentials.h; sourceTree = "<group>"; };
		82DD458C14F8BB730093B2DF /* libSalesforceOAuth.a */ = {isa = PBXFileReference; lastKnownFileType = archive.ar; path = libSalesforceOAuth.a; sourceTree = "<group>"; };
		82DD459114F8BC080093B2DF /* SFRestAPI.h */ = {isa = PBXFileReference; fileEncoding = 4; lastKnownFileType = sourcecode.c.h; path = SFRestAPI.h; sourceTree = "<group>"; };
		82DD459214F8BC080093B2DF /* SFRestRequest.h */ = {isa = PBXFileReference; fileEncoding = 4; lastKnownFileType = sourcecode.c.h; path = SFRestRequest.h; sourceTree = "<group>"; };
		82DD459314F8BC080093B2DF /* libSalesforceSDK.a */ = {isa = PBXFileReference; lastKnownFileType = archive.ar; path = libSalesforceSDK.a; sourceTree = "<group>"; };
/* End PBXFileReference section */

/* Begin PBXFrameworksBuildPhase section */
		7DD9535614771D0F0006BF23 /* Frameworks */ = {
			isa = PBXFrameworksBuildPhase;
			buildActionMask = 2147483647;
			files = (
				7DD9535F14771D0F0006BF23 /* CoreData.framework in Frameworks */,
				7DD9536114771D0F0006BF23 /* SystemConfiguration.framework in Frameworks */,
				7DD9536314771D0F0006BF23 /* Security.framework in Frameworks */,
				7DD9536514771D0F0006BF23 /* UIKit.framework in Frameworks */,
				7DD9536714771D0F0006BF23 /* Foundation.framework in Frameworks */,
				7DD9536914771D0F0006BF23 /* CoreGraphics.framework in Frameworks */,
				7DD9536B14771D0F0006BF23 /* CFNetwork.framework in Frameworks */,
				7DD9536D14771D0F0006BF23 /* MobileCoreServices.framework in Frameworks */,
				7DD9543A14771D120006BF23 /* libxml2.dylib in Frameworks */,
				82DD458614F8BA6C0093B2DF /* libRestKit.a in Frameworks */,
				82DD458D14F8BB730093B2DF /* libSalesforceOAuth.a in Frameworks */,
				82DD459414F8BC080093B2DF /* libSalesforceSDK.a in Frameworks */,
			);
			runOnlyForDeploymentPostprocessing = 0;
		};
/* End PBXFrameworksBuildPhase section */

/* Begin PBXGroup section */
		7DD9534E14771D0F0006BF23 = {
			isa = PBXGroup;
			children = (
				7DD9536E14771D0F0006BF23 /* CloudTunesNative */,
				7DD9535D14771D0F0006BF23 /* Frameworks */,
				7DD9535B14771D0F0006BF23 /* Products */,
			);
			sourceTree = "<group>";
		};
		7DD9535B14771D0F0006BF23 /* Products */ = {
			isa = PBXGroup;
			children = (
				7DD9535A14771D0F0006BF23 /* CloudTunesNative.app */,
			);
			name = Products;
			sourceTree = "<group>";
		};
		7DD9535D14771D0F0006BF23 /* Frameworks */ = {
			isa = PBXGroup;
			children = (
				7DD9535E14771D0F0006BF23 /* CoreData.framework */,
				7DD9536014771D0F0006BF23 /* SystemConfiguration.framework */,
				7DD9536214771D0F0006BF23 /* Security.framework */,
				7DD9536414771D0F0006BF23 /* UIKit.framework */,
				7DD9536614771D0F0006BF23 /* Foundation.framework */,
				7DD9536814771D0F0006BF23 /* CoreGraphics.framework */,
				7DD9536A14771D0F0006BF23 /* CFNetwork.framework */,
				7DD9536C14771D0F0006BF23 /* MobileCoreServices.framework */,
			);
			name = Frameworks;
			sourceTree = "<group>";
		};
		7DD9536E14771D0F0006BF23 /* CloudTunesNative */ = {
			isa = PBXGroup;
			children = (
				7DD9542714771D120006BF23 /* readme.txt */,
				7DD9543B14771D130006BF23 /* Settings.bundle */,
				7DD9537814771D0F0006BF23 /* dependencies */,
				7DD9541414771D120006BF23 /* Resources */,
				7DD9542914771D120006BF23 /* Classes */,
				7DD9543014771D120006BF23 /* NativeRestApp */,
				7DD9536F14771D0F0006BF23 /* Supporting Files */,
			);
			path = CloudTunesNative;
			sourceTree = "<group>";
		};
		7DD9536F14771D0F0006BF23 /* Supporting Files */ = {
			isa = PBXGroup;
			children = (
				7DD9537014771D0F0006BF23 /* CloudTunesNative-Info.plist */,
				7DD9537114771D0F0006BF23 /* InfoPlist.strings */,
				7DD9537414771D0F0006BF23 /* main.m */,
				7DD9537614771D0F0006BF23 /* CloudTunesNative-Prefix.pch */,
			);
			name = "Supporting Files";
			sourceTree = "<group>";
		};
		7DD9537814771D0F0006BF23 /* dependencies */ = {
			isa = PBXGroup;
			children = (
				82DD458E14F8BC080093B2DF /* SalesforceSDK */,
				7DD9543914771D120006BF23 /* libxml2.dylib */,
				82DD453214F8BA6C0093B2DF /* RestKit */,
				82DD458714F8BB730093B2DF /* SalesforceOAuth */,
			);
			name = dependencies;
			sourceTree = "<group>";
		};
		7DD9541414771D120006BF23 /* Resources */ = {
			isa = PBXGroup;
			children = (
				7DD9541514771D120006BF23 /* icons */,
				7DD9541C14771D120006BF23 /* splash */,
			);
			name = Resources;
			sourceTree = "<group>";
		};
		7DD9541514771D120006BF23 /* icons */ = {
			isa = PBXGroup;
			children = (
				7DD9541614771D120006BF23 /* icon-72.png */,
				7DD9541814771D120006BF23 /* icon.png */,
				7DD9541A14771D120006BF23 /* icon@2x.png */,
			);
			name = icons;
			sourceTree = "<group>";
		};
		7DD9541C14771D120006BF23 /* splash */ = {
			isa = PBXGroup;
			children = (
				7DD9541D14771D120006BF23 /* Default-Landscape~ipad.png */,
				7DD9541F14771D120006BF23 /* Default-Portrait~ipad.png */,
				7DD9542114771D120006BF23 /* Default.png */,
				7DD9542314771D120006BF23 /* Default@2x.png */,
				7DD9542514771D120006BF23 /* Default~iPad.png */,
			);
			name = splash;
			sourceTree = "<group>";
		};
		7DD9542914771D120006BF23 /* Classes */ = {
			isa = PBXGroup;
			children = (
				7DD9544214771D5A0006BF23 /* TrackDetailsViewController.m */,
				7DD9544314771D5A0006BF23 /* TrackDetailsViewController.xib */,
				7DD9544414771D5A0006BF23 /* TrackDetailsViewController.h */,
				7DD9542A14771D120006BF23 /* AppDelegate.h */,
				7DD9542B14771D120006BF23 /* AppDelegate.m */,
				7DD9542D14771D120006BF23 /* RootViewController.h */,
				7DD9542E14771D120006BF23 /* RootViewController.m */,
			);
			name = Classes;
			sourceTree = "<group>";
		};
		7DD9543014771D120006BF23 /* NativeRestApp */ = {
			isa = PBXGroup;
			children = (
				7DD9543114771D120006BF23 /* SFAuthorizingViewController.h */,
				7DD9543214771D120006BF23 /* SFAuthorizingViewController.m */,
				7DD9543414771D120006BF23 /* SFAuthorizingViewController.xib */,
				7DD9543614771D120006BF23 /* SFNativeRestAppDelegate.h */,
				7DD9543714771D120006BF23 /* SFNativeRestAppDelegate.m */,
			);
			name = NativeRestApp;
			sourceTree = "<group>";
		};
		82DD453214F8BA6C0093B2DF /* RestKit */ = {
			isa = PBXGroup;
			children = (
				82DD453314F8BA6C0093B2DF /* include */,
				82DD458514F8BA6C0093B2DF /* libRestKit.a */,
			);
			name = RestKit;
			path = dependencies/RestKit;
			sourceTree = "<group>";
		};
		82DD453314F8BA6C0093B2DF /* include */ = {
			isa = PBXGroup;
			children = (
				82DD453414F8BA6C0093B2DF /* RestKit */,
			);
			path = include;
			sourceTree = "<group>";
		};
		82DD453414F8BA6C0093B2DF /* RestKit */ = {
			isa = PBXGroup;
			children = (
				82DD453514F8BA6C0093B2DF /* CoreData.h */,
				82DD453614F8BA6C0093B2DF /* Errors.h */,
				82DD453714F8BA6C0093B2DF /* FileMD5Hash.h */,
				82DD453814F8BA6C0093B2DF /* GCOAuth.h */,
				82DD453914F8BA6C0093B2DF /* JSONKit.h */,
				82DD453A14F8BA6C0093B2DF /* lcl.h */,
				82DD453B14F8BA6C0093B2DF /* lcl_config_components.h */,
				82DD453C14F8BA6C0093B2DF /* lcl_config_components.template.h */,
				82DD453D14F8BA6C0093B2DF /* lcl_config_extensions.h */,
				82DD453E14F8BA6C0093B2DF /* lcl_config_extensions.template.h */,
				82DD453F14F8BA6C0093B2DF /* lcl_config_logger.h */,
				82DD454014F8BA6C0093B2DF /* lcl_config_logger.template.h */,
				82DD454114F8BA6C0093B2DF /* LCLNSLog.h */,
				82DD454214F8BA6C0093B2DF /* Network.h */,
				82DD454314F8BA6C0093B2DF /* NSData+Base64.h */,
				82DD454414F8BA6C0093B2DF /* NSData+MD5.h */,
				82DD454514F8BA6C0093B2DF /* NSDictionary+RKAdditions.h */,
				82DD454614F8BA6C0093B2DF /* NSDictionary+RKRequestSerialization.h */,
				82DD454714F8BA6C0093B2DF /* NSManagedObject+ActiveRecord.h */,
				82DD454814F8BA6C0093B2DF /* NSString+MD5.h */,
				82DD454914F8BA6C0093B2DF /* NSString+RestKit.h */,
				82DD454A14F8BA6C0093B2DF /* NSURL+RestKit.h */,
				82DD454B14F8BA6C0093B2DF /* ObjectMapping.h */,
				82DD454C14F8BA6C0093B2DF /* RestKit.h */,
				82DD454D14F8BA6C0093B2DF /* RKAlert.h */,
				82DD454E14F8BA6C0093B2DF /* RKClient.h */,
				82DD454F14F8BA6C0093B2DF /* RKDirectory.h */,
				82DD455014F8BA6C0093B2DF /* RKDotNetDateFormatter.h */,
				82DD455114F8BA6C0093B2DF /* RKDynamicObjectMapping.h */,
				82DD455214F8BA6C0093B2DF /* RKErrorMessage.h */,
				82DD455314F8BA6C0093B2DF /* RKFixCategoryBug.h */,
				82DD455414F8BA6C0093B2DF /* RKJSONParserJSONKit.h */,
				82DD455514F8BA6C0093B2DF /* RKLog.h */,
				82DD455614F8BA6C0093B2DF /* RKManagedObjectCache.h */,
				82DD455714F8BA6C0093B2DF /* RKManagedObjectLoader.h */,
				82DD455814F8BA6C0093B2DF /* RKManagedObjectMapping.h */,
				82DD455914F8BA6C0093B2DF /* RKManagedObjectMappingOperation.h */,
				82DD455A14F8BA6C0093B2DF /* RKManagedObjectSeeder.h */,
				82DD455B14F8BA6C0093B2DF /* RKManagedObjectStore.h */,
				82DD455C14F8BA6C0093B2DF /* RKManagedObjectThreadSafeInvocation.h */,
				82DD455D14F8BA6C0093B2DF /* RKMappingOperationQueue.h */,
				82DD455E14F8BA6C0093B2DF /* RKMIMETypes.h */,
				82DD455F14F8BA6C0093B2DF /* RKNotifications.h */,
				82DD456014F8BA6C0093B2DF /* RKOAuthClient.h */,
				82DD456114F8BA6C0093B2DF /* RKObjectAttributeMapping.h */,
				82DD456214F8BA6C0093B2DF /* RKObjectLoader.h */,
				82DD456314F8BA6C0093B2DF /* RKObjectLoader_Internals.h */,
				82DD456414F8BA6C0093B2DF /* RKObjectManager.h */,
				82DD456514F8BA6C0093B2DF /* RKObjectMapper.h */,
				82DD456614F8BA6C0093B2DF /* RKObjectMapper_Private.h */,
				82DD456714F8BA6C0093B2DF /* RKObjectMapperError.h */,
				82DD456814F8BA6C0093B2DF /* RKObjectMapping.h */,
				82DD456914F8BA6C0093B2DF /* RKObjectMappingDefinition.h */,
				82DD456A14F8BA6C0093B2DF /* RKObjectMappingOperation.h */,
				82DD456B14F8BA6C0093B2DF /* RKObjectMappingProvider.h */,
				82DD456C14F8BA6C0093B2DF /* RKObjectMappingResult.h */,
				82DD456D14F8BA6C0093B2DF /* RKObjectPropertyInspector+CoreData.h */,
				82DD456E14F8BA6C0093B2DF /* RKObjectPropertyInspector.h */,
				82DD456F14F8BA6C0093B2DF /* RKObjectRelationshipMapping.h */,
				82DD457014F8BA6C0093B2DF /* RKObjectRouter.h */,
				82DD457114F8BA6C0093B2DF /* RKObjectSerializer.h */,
				82DD457214F8BA6C0093B2DF /* RKParams.h */,
				82DD457314F8BA6C0093B2DF /* RKParamsAttachment.h */,
				82DD457414F8BA6C0093B2DF /* RKParser.h */,
				82DD457514F8BA6C0093B2DF /* RKParserRegistry.h */,
				82DD457614F8BA6C0093B2DF /* RKPathMatcher.h */,
				82DD457714F8BA6C0093B2DF /* RKReachabilityObserver.h */,
				82DD457814F8BA6C0093B2DF /* RKRequest.h */,
				82DD457914F8BA6C0093B2DF /* RKRequest_Internals.h */,
				82DD457A14F8BA6C0093B2DF /* RKRequestCache.h */,
				82DD457B14F8BA6C0093B2DF /* RKRequestQueue.h */,
				82DD457C14F8BA6C0093B2DF /* RKRequestSerializable.h */,
				82DD457D14F8BA6C0093B2DF /* RKRequestSerialization.h */,
				82DD457E14F8BA6C0093B2DF /* RKResponse.h */,
				82DD457F14F8BA6C0093B2DF /* RKRouter.h */,
				82DD458014F8BA6C0093B2DF /* RKSearchEngine.h */,
				82DD458114F8BA6C0093B2DF /* RKURL.h */,
				82DD458214F8BA6C0093B2DF /* RKXMLParserLibXML.h */,
				82DD458314F8BA6C0093B2DF /* SOCKit.h */,
				82DD458414F8BA6C0093B2DF /* Support.h */,
			);
			path = RestKit;
			sourceTree = "<group>";
		};
		82DD458714F8BB730093B2DF /* SalesforceOAuth */ = {
			isa = PBXGroup;
			children = (
				82DD458814F8BB730093B2DF /* include */,
				82DD458C14F8BB730093B2DF /* libSalesforceOAuth.a */,
			);
			name = SalesforceOAuth;
			path = dependencies/SalesforceOAuth;
			sourceTree = "<group>";
		};
		82DD458814F8BB730093B2DF /* include */ = {
			isa = PBXGroup;
			children = (
				82DD458914F8BB730093B2DF /* SalesforceOAuth */,
			);
			path = include;
			sourceTree = "<group>";
		};
		82DD458914F8BB730093B2DF /* SalesforceOAuth */ = {
			isa = PBXGroup;
			children = (
				82DD458A14F8BB730093B2DF /* SFOAuthCoordinator.h */,
				82DD458B14F8BB730093B2DF /* SFOAuthCredentials.h */,
			);
			path = SalesforceOAuth;
			sourceTree = "<group>";
		};
		82DD458E14F8BC080093B2DF /* SalesforceSDK */ = {
			isa = PBXGroup;
			children = (
				82DD458F14F8BC080093B2DF /* include */,
				82DD459314F8BC080093B2DF /* libSalesforceSDK.a */,
			);
			name = SalesforceSDK;
			path = dependencies/SalesforceSDK;
			sourceTree = "<group>";
		};
		82DD458F14F8BC080093B2DF /* include */ = {
			isa = PBXGroup;
			children = (
				82DD459014F8BC080093B2DF /* SalesforceSDK */,
			);
			path = include;
			sourceTree = "<group>";
		};
		82DD459014F8BC080093B2DF /* SalesforceSDK */ = {
			isa = PBXGroup;
			children = (
				82DD459114F8BC080093B2DF /* SFRestAPI.h */,
				82DD459214F8BC080093B2DF /* SFRestRequest.h */,
			);
			path = SalesforceSDK;
			sourceTree = "<group>";
		};
/* End PBXGroup section */

/* Begin PBXNativeTarget section */
		7DD9535914771D0F0006BF23 /* CloudTunesNative */ = {
			isa = PBXNativeTarget;
			buildConfigurationList = 7DD9543F14771D130006BF23 /* Build configuration list for PBXNativeTarget "CloudTunesNative" */;
			buildPhases = (
				7DD9535514771D0F0006BF23 /* Sources */,
				7DD9535614771D0F0006BF23 /* Frameworks */,
				7DD9535714771D0F0006BF23 /* Resources */,
				7DD9535814771D0F0006BF23 /* Sources */,
			);
			buildRules = (
			);
			dependencies = (
			);
			name = CloudTunesNative;
			productName = CloudTunesNative;
			productReference = 7DD9535A14771D0F0006BF23 /* CloudTunesNative.app */;
			productType = "com.apple.product-type.application";
		};
/* End PBXNativeTarget section */

/* Begin PBXProject section */
		7DD9535014771D0F0006BF23 /* Project object */ = {
			isa = PBXProject;
			attributes = {
				LastUpgradeCheck = 0420;
			};
			buildConfigurationList = 7DD9535314771D0F0006BF23 /* Build configuration list for PBXProject "CloudTunesNative" */;
			compatibilityVersion = "Xcode 3.2";
			developmentRegion = English;
			hasScannedForEncodings = 0;
			knownRegions = (
				en,
			);
			mainGroup = 7DD9534E14771D0F0006BF23;
			productRefGroup = 7DD9535B14771D0F0006BF23 /* Products */;
			projectDirPath = "";
			projectRoot = "";
			targets = (
				7DD9535914771D0F0006BF23 /* CloudTunesNative */,
			);
		};
/* End PBXProject section */

/* Begin PBXResourcesBuildPhase section */
		7DD9535714771D0F0006BF23 /* Resources */ = {
			isa = PBXResourcesBuildPhase;
			buildActionMask = 2147483647;
			files = (
				7DD9537314771D0F0006BF23 /* InfoPlist.strings in Resources */,
				7DD9537714771D0F0006BF23 /* CloudTunesNative-Prefix.pch in Resources */,
				7DD9541714771D120006BF23 /* icon-72.png in Resources */,
				7DD9541914771D120006BF23 /* icon.png in Resources */,
				7DD9541B14771D120006BF23 /* icon@2x.png in Resources */,
				7DD9541E14771D120006BF23 /* Default-Landscape~ipad.png in Resources */,
				7DD9542014771D120006BF23 /* Default-Portrait~ipad.png in Resources */,
				7DD9542214771D120006BF23 /* Default.png in Resources */,
				7DD9542414771D120006BF23 /* Default@2x.png in Resources */,
				7DD9542614771D120006BF23 /* Default~iPad.png in Resources */,
				7DD9542814771D120006BF23 /* readme.txt in Resources */,
				7DD9543514771D120006BF23 /* SFAuthorizingViewController.xib in Resources */,
				7DD9543C14771D130006BF23 /* Settings.bundle in Resources */,
				7DD9544714771D5A0006BF23 /* TrackDetailsViewController.xib in Resources */,
			);
			runOnlyForDeploymentPostprocessing = 0;
		};
/* End PBXResourcesBuildPhase section */

/* Begin PBXSourcesBuildPhase section */
		7DD9535514771D0F0006BF23 /* Sources */ = {
			isa = PBXSourcesBuildPhase;
			buildActionMask = 2147483647;
			files = (
				7DD9537514771D0F0006BF23 /* main.m in Sources */,
				7DD9542C14771D120006BF23 /* AppDelegate.m in Sources */,
				7DD9542F14771D120006BF23 /* RootViewController.m in Sources */,
				7DD9543314771D120006BF23 /* SFAuthorizingViewController.m in Sources */,
				7DD9543814771D120006BF23 /* SFNativeRestAppDelegate.m in Sources */,
				7DD9544614771D5A0006BF23 /* TrackDetailsViewController.m in Sources */,
			);
			runOnlyForDeploymentPostprocessing = 0;
		};
		7DD9535814771D0F0006BF23 /* Sources */ = {
			isa = PBXSourcesBuildPhase;
			buildActionMask = 2147483647;
			files = (
			);
			runOnlyForDeploymentPostprocessing = 0;
		};
/* End PBXSourcesBuildPhase section */

/* Begin PBXVariantGroup section */
		7DD9537114771D0F0006BF23 /* InfoPlist.strings */ = {
			isa = PBXVariantGroup;
			children = (
				7DD9537214771D0F0006BF23 /* en */,
			);
			name = InfoPlist.strings;
			sourceTree = "<group>";
		};
/* End PBXVariantGroup section */

/* Begin XCBuildConfiguration section */
		7DD9543D14771D130006BF23 /* Debug */ = {
			isa = XCBuildConfiguration;
			buildSettings = {
				ALWAYS_SEARCH_USER_PATHS = NO;
				ARCHS = "$(ARCHS_STANDARD_32_BIT)";
				CODE_SIGN_IDENTITY = "iPhone Developer";
				COPY_PHASE_STRIP = NO;
				GCC_C_LANGUAGE_STANDARD = gnu99;
				GCC_DYNAMIC_NO_PIC = NO;
				GCC_OPTIMIZATION_LEVEL = 0;
				GCC_PREPROCESSOR_DEFINITIONS = (
					"DEBUG=1",
					"$(inherited)",
				);
				GCC_SYMBOLS_PRIVATE_EXTERN = NO;
				GCC_VERSION = com.apple.compilers.llvm.clang.1_0;
				GCC_WARN_ABOUT_MISSING_PROTOTYPES = YES;
				GCC_WARN_ABOUT_RETURN_TYPE = YES;
				GCC_WARN_UNUSED_VARIABLE = YES;
				IPHONEOS_DEPLOYMENT_TARGET = 5.0;
				OTHER_LDFLAGS = (
					"-ObjC",
					"-all_load",
				);
				SDKROOT = iphoneos;
				TARGETED_DEVICE_FAMILY = "1,2";
			};
			name = Debug;
		};
		7DD9543E14771D130006BF23 /* Release */ = {
			isa = XCBuildConfiguration;
			buildSettings = {
				ALWAYS_SEARCH_USER_PATHS = NO;
				ARCHS = "$(ARCHS_STANDARD_32_BIT)";
				CODE_SIGN_IDENTITY = "iPhone Developer";
				COPY_PHASE_STRIP = YES;
				GCC_C_LANGUAGE_STANDARD = gnu99;
				GCC_VERSION = com.apple.compilers.llvm.clang.1_0;
				GCC_WARN_ABOUT_MISSING_PROTOTYPES = YES;
				GCC_WARN_ABOUT_RETURN_TYPE = YES;
				GCC_WARN_UNUSED_VARIABLE = YES;
				IPHONEOS_DEPLOYMENT_TARGET = 5.0;
				OTHER_LDFLAGS = (
					"-ObjC",
					"-all_load",
				);
				SDKROOT = iphoneos;
				TARGETED_DEVICE_FAMILY = "1,2";
				VALIDATE_PRODUCT = YES;
			};
			name = Release;
		};
		7DD9544014771D130006BF23 /* Debug */ = {
			isa = XCBuildConfiguration;
			buildSettings = {
				GCC_PRECOMPILE_PREFIX_HEADER = YES;
				GCC_PREFIX_HEADER = "CloudTunesNative/CloudTunesNative-Prefix.pch";
				INFOPLIST_FILE = "CloudTunesNative/CloudTunesNative-Info.plist";
				LIBRARY_SEARCH_PATHS = (
					"$(inherited)",
					"\"$(SRCROOT)/CloudTunesNative/dependencies/RestKit\"",
					"\"$(SRCROOT)/CloudTunesNative/dependencies/SalesforceOAuth\"",
					"\"$(SRCROOT)/CloudTunesNative/dependencies/SalesforceSDK\"",
					"\"$(SDKROOT)//usr/lib\"",
				);
				PRODUCT_NAME = "$(TARGET_NAME)";
				WRAPPER_EXTENSION = app;
			};
			name = Debug;
		};
		7DD9544114771D130006BF23 /* Release */ = {
			isa = XCBuildConfiguration;
			buildSettings = {
				GCC_PRECOMPILE_PREFIX_HEADER = YES;
				GCC_PREFIX_HEADER = "CloudTunesNative/CloudTunesNative-Prefix.pch";
				INFOPLIST_FILE = "CloudTunesNative/CloudTunesNative-Info.plist";
				LIBRARY_SEARCH_PATHS = (
					"$(inherited)",
					"\"$(SRCROOT)/CloudTunesNative/dependencies/RestKit\"",
					"\"$(SRCROOT)/CloudTunesNative/dependencies/SalesforceOAuth\"",
					"\"$(SRCROOT)/CloudTunesNative/dependencies/SalesforceSDK\"",
					"\"$(SDKROOT)//usr/lib\"",
				);
				PRODUCT_NAME = "$(TARGET_NAME)";
				WRAPPER_EXTENSION = app;
			};
			name = Release;
		};
/* End XCBuildConfiguration section */

/* Begin XCConfigurationList section */
		7DD9535314771D0F0006BF23 /* Build configuration list for PBXProject "CloudTunesNative" */ = {
			isa = XCConfigurationList;
			buildConfigurations = (
				7DD9543D14771D130006BF23 /* Debug */,
				7DD9543E14771D130006BF23 /* Release */,
			);
			defaultConfigurationIsVisible = 0;
			defaultConfigurationName = Release;
		};
		7DD9543F14771D130006BF23 /* Build configuration list for PBXNativeTarget "CloudTunesNative" */ = {
			isa = XCConfigurationList;
			buildConfigurations = (
				7DD9544014771D130006BF23 /* Debug */,
				7DD9544114771D130006BF23 /* Release */,
			);
			defaultConfigurationIsVisible = 0;
			defaultConfigurationName = Release;
		};
/* End XCConfigurationList section */
	};
	rootObject = 7DD9535014771D0F0006BF23 /* Project object */;
}
