// !$*UTF8*$!
{
	archiveVersion = 1;
	classes = {
	};
	objectVersion = 46;
	objects = {

/* Begin PBXBuildFile section */
		82A9FE0C15DC39EA00AE37B9 /* CoreData.framework in Frameworks */ = {isa = PBXBuildFile; fileRef = 82A9FE0B15DC39EA00AE37B9 /* CoreData.framework */; };
		82A9FE0E15DC39EA00AE37B9 /* QuartzCore.framework in Frameworks */ = {isa = PBXBuildFile; fileRef = 82A9FE0D15DC39EA00AE37B9 /* QuartzCore.framework */; };
		82A9FE1015DC39EA00AE37B9 /* SystemConfiguration.framework in Frameworks */ = {isa = PBXBuildFile; fileRef = 82A9FE0F15DC39EA00AE37B9 /* SystemConfiguration.framework */; };
		82A9FE1215DC39EA00AE37B9 /* Security.framework in Frameworks */ = {isa = PBXBuildFile; fileRef = 82A9FE1115DC39EA00AE37B9 /* Security.framework */; };
		82A9FE1415DC39EA00AE37B9 /* UIKit.framework in Frameworks */ = {isa = PBXBuildFile; fileRef = 82A9FE1315DC39EA00AE37B9 /* UIKit.framework */; };
		82A9FE1615DC39EA00AE37B9 /* Foundation.framework in Frameworks */ = {isa = PBXBuildFile; fileRef = 82A9FE1515DC39EA00AE37B9 /* Foundation.framework */; };
		82A9FE1815DC39EA00AE37B9 /* CoreGraphics.framework in Frameworks */ = {isa = PBXBuildFile; fileRef = 82A9FE1715DC39EA00AE37B9 /* CoreGraphics.framework */; };
		82A9FE1A15DC39EA00AE37B9 /* CFNetwork.framework in Frameworks */ = {isa = PBXBuildFile; fileRef = 82A9FE1915DC39EA00AE37B9 /* CFNetwork.framework */; };
		82A9FE1C15DC39EA00AE37B9 /* MobileCoreServices.framework in Frameworks */ = {isa = PBXBuildFile; fileRef = 82A9FE1B15DC39EA00AE37B9 /* MobileCoreServices.framework */; };
		82A9FE2215DC39EA00AE37B9 /* InfoPlist.strings in Resources */ = {isa = PBXBuildFile; fileRef = 82A9FE2015DC39EA00AE37B9 /* InfoPlist.strings */; };
		82A9FE2415DC39EA00AE37B9 /* main.m in Sources */ = {isa = PBXBuildFile; fileRef = 82A9FE2315DC39EA00AE37B9 /* main.m */; };
		82A9FE2615DC39EA00AE37B9 /* CloudTunesNative-Prefix.pch in Resources */ = {isa = PBXBuildFile; fileRef = 82A9FE2515DC39EA00AE37B9 /* CloudTunesNative-Prefix.pch */; };
		82A9FE7D15DC39EB00AE37B9 /* libRestKit.a in Frameworks */ = {isa = PBXBuildFile; fileRef = 82A9FE7C15DC39EB00AE37B9 /* libRestKit.a */; };
		82A9FE9915DC39EB00AE37B9 /* libSalesforceCommonUtils.a in Frameworks */ = {isa = PBXBuildFile; fileRef = 82A9FE9815DC39EB00AE37B9 /* libSalesforceCommonUtils.a */; };
		82A9FEA015DC39EB00AE37B9 /* libSalesforceOAuth.a in Frameworks */ = {isa = PBXBuildFile; fileRef = 82A9FE9F15DC39EB00AE37B9 /* libSalesforceOAuth.a */; };
		82A9FEB115DC39EB00AE37B9 /* libSalesforceSDK.a in Frameworks */ = {isa = PBXBuildFile; fileRef = 82A9FEB015DC39EB00AE37B9 /* libSalesforceSDK.a */; };
		82A9FEB515DC39EB00AE37B9 /* icon-72.png in Resources */ = {isa = PBXBuildFile; fileRef = 82A9FEB415DC39EB00AE37B9 /* icon-72.png */; };
		82A9FEB715DC39EB00AE37B9 /* icon.png in Resources */ = {isa = PBXBuildFile; fileRef = 82A9FEB615DC39EB00AE37B9 /* icon.png */; };
		82A9FEB915DC39EB00AE37B9 /* icon@2x.png in Resources */ = {isa = PBXBuildFile; fileRef = 82A9FEB815DC39EB00AE37B9 /* icon@2x.png */; };
		82A9FEBC15DC39EB00AE37B9 /* Default-Landscape~ipad.png in Resources */ = {isa = PBXBuildFile; fileRef = 82A9FEBB15DC39EB00AE37B9 /* Default-Landscape~ipad.png */; };
		82A9FEBE15DC39EB00AE37B9 /* Default-Portrait~ipad.png in Resources */ = {isa = PBXBuildFile; fileRef = 82A9FEBD15DC39EB00AE37B9 /* Default-Portrait~ipad.png */; };
		82A9FEC015DC39EB00AE37B9 /* Default.png in Resources */ = {isa = PBXBuildFile; fileRef = 82A9FEBF15DC39EB00AE37B9 /* Default.png */; };
		82A9FEC215DC39EC00AE37B9 /* Default@2x.png in Resources */ = {isa = PBXBuildFile; fileRef = 82A9FEC115DC39EC00AE37B9 /* Default@2x.png */; };
		82A9FEC415DC39EC00AE37B9 /* Default~iPad.png in Resources */ = {isa = PBXBuildFile; fileRef = 82A9FEC315DC39EC00AE37B9 /* Default~iPad.png */; };
		82A9FEC615DC39EC00AE37B9 /* readme.txt in Resources */ = {isa = PBXBuildFile; fileRef = 82A9FEC515DC39EC00AE37B9 /* readme.txt */; };
		82A9FECA15DC39EC00AE37B9 /* AppDelegate.m in Sources */ = {isa = PBXBuildFile; fileRef = 82A9FEC915DC39EC00AE37B9 /* AppDelegate.m */; };
		82A9FECD15DC39EC00AE37B9 /* RootViewController.m in Sources */ = {isa = PBXBuildFile; fileRef = 82A9FECC15DC39EC00AE37B9 /* RootViewController.m */; };
		82A9FED015DC39EC00AE37B9 /* SFAuthorizingViewController.xib in Resources */ = {isa = PBXBuildFile; fileRef = 82A9FECF15DC39EC00AE37B9 /* SFAuthorizingViewController.xib */; };
		82A9FED215DC39EC00AE37B9 /* SFNativeRootViewController.xib in Resources */ = {isa = PBXBuildFile; fileRef = 82A9FED115DC39EC00AE37B9 /* SFNativeRootViewController.xib */; };
		82A9FED415DC39EC00AE37B9 /* libxml2.dylib in Frameworks */ = {isa = PBXBuildFile; fileRef = 82A9FED315DC39EC00AE37B9 /* libxml2.dylib */; };
		82A9FED615DC39EC00AE37B9 /* libsqlite3.dylib in Frameworks */ = {isa = PBXBuildFile; fileRef = 82A9FED515DC39EC00AE37B9 /* libsqlite3.dylib */; };
		82A9FED815DC39EC00AE37B9 /* libz.dylib in Frameworks */ = {isa = PBXBuildFile; fileRef = 82A9FED715DC39EC00AE37B9 /* libz.dylib */; };
		82A9FEDA15DC39EC00AE37B9 /* Settings.bundle in Resources */ = {isa = PBXBuildFile; fileRef = 82A9FED915DC39EC00AE37B9 /* Settings.bundle */; };
		82A9FEE715DC3BDF00AE37B9 /* TrackDetailsViewController.m in Sources */ = {isa = PBXBuildFile; fileRef = 82A9FEE515DC3BDF00AE37B9 /* TrackDetailsViewController.m */; };
		82A9FEE815DC3BDF00AE37B9 /* TrackDetailsViewController.xib in Resources */ = {isa = PBXBuildFile; fileRef = 82A9FEE615DC3BDF00AE37B9 /* TrackDetailsViewController.xib */; };
		82A9FEEC15DC3F4100AE37B9 /* albums.png in Resources */ = {isa = PBXBuildFile; fileRef = 82A9FEEB15DC3F4100AE37B9 /* albums.png */; };
/* End PBXBuildFile section */

/* Begin PBXFileReference section */
		82A9FE0715DC39EA00AE37B9 /* CloudTunesNative.app */ = {isa = PBXFileReference; explicitFileType = wrapper.application; includeInIndex = 0; path = CloudTunesNative.app; sourceTree = BUILT_PRODUCTS_DIR; };
		82A9FE0B15DC39EA00AE37B9 /* CoreData.framework */ = {isa = PBXFileReference; lastKnownFileType = wrapper.framework; name = CoreData.framework; path = System/Library/Frameworks/CoreData.framework; sourceTree = SDKROOT; };
		82A9FE0D15DC39EA00AE37B9 /* QuartzCore.framework */ = {isa = PBXFileReference; lastKnownFileType = wrapper.framework; name = QuartzCore.framework; path = System/Library/Frameworks/QuartzCore.framework; sourceTree = SDKROOT; };
		82A9FE0F15DC39EA00AE37B9 /* SystemConfiguration.framework */ = {isa = PBXFileReference; lastKnownFileType = wrapper.framework; name = SystemConfiguration.framework; path = System/Library/Frameworks/SystemConfiguration.framework; sourceTree = SDKROOT; };
		82A9FE1115DC39EA00AE37B9 /* Security.framework */ = {isa = PBXFileReference; lastKnownFileType = wrapper.framework; name = Security.framework; path = System/Library/Frameworks/Security.framework; sourceTree = SDKROOT; };
		82A9FE1315DC39EA00AE37B9 /* UIKit.framework */ = {isa = PBXFileReference; lastKnownFileType = wrapper.framework; name = UIKit.framework; path = System/Library/Frameworks/UIKit.framework; sourceTree = SDKROOT; };
		82A9FE1515DC39EA00AE37B9 /* Foundation.framework */ = {isa = PBXFileReference; lastKnownFileType = wrapper.framework; name = Foundation.framework; path = System/Library/Frameworks/Foundation.framework; sourceTree = SDKROOT; };
		82A9FE1715DC39EA00AE37B9 /* CoreGraphics.framework */ = {isa = PBXFileReference; lastKnownFileType = wrapper.framework; name = CoreGraphics.framework; path = System/Library/Frameworks/CoreGraphics.framework; sourceTree = SDKROOT; };
		82A9FE1915DC39EA00AE37B9 /* CFNetwork.framework */ = {isa = PBXFileReference; lastKnownFileType = wrapper.framework; name = CFNetwork.framework; path = System/Library/Frameworks/CFNetwork.framework; sourceTree = SDKROOT; };
		82A9FE1B15DC39EA00AE37B9 /* MobileCoreServices.framework */ = {isa = PBXFileReference; lastKnownFileType = wrapper.framework; name = MobileCoreServices.framework; path = System/Library/Frameworks/MobileCoreServices.framework; sourceTree = SDKROOT; };
		82A9FE1F15DC39EA00AE37B9 /* CloudTunesNative-Info.plist */ = {isa = PBXFileReference; lastKnownFileType = text.plist.xml; path = "CloudTunesNative-Info.plist"; sourceTree = "<group>"; };
		82A9FE2115DC39EA00AE37B9 /* en */ = {isa = PBXFileReference; lastKnownFileType = text.plist.strings; name = en; path = en.lproj/InfoPlist.strings; sourceTree = "<group>"; };
		82A9FE2315DC39EA00AE37B9 /* main.m */ = {isa = PBXFileReference; lastKnownFileType = sourcecode.c.objc; path = main.m; sourceTree = "<group>"; };
		82A9FE2515DC39EA00AE37B9 /* CloudTunesNative-Prefix.pch */ = {isa = PBXFileReference; lastKnownFileType = sourcecode.c.h; path = "CloudTunesNative-Prefix.pch"; sourceTree = "<group>"; };
		82A9FE2B15DC39EA00AE37B9 /* CoreData.h */ = {isa = PBXFileReference; lastKnownFileType = sourcecode.c.h; name = CoreData.h; path = dependencies/RestKit/include/RestKit/CoreData.h; sourceTree = "<group>"; };
		82A9FE2C15DC39EA00AE37B9 /* Errors.h */ = {isa = PBXFileReference; lastKnownFileType = sourcecode.c.h; name = Errors.h; path = dependencies/RestKit/include/RestKit/Errors.h; sourceTree = "<group>"; };
		82A9FE2D15DC39EA00AE37B9 /* FileMD5Hash.h */ = {isa = PBXFileReference; lastKnownFileType = sourcecode.c.h; name = FileMD5Hash.h; path = dependencies/RestKit/include/RestKit/FileMD5Hash.h; sourceTree = "<group>"; };
		82A9FE2E15DC39EA00AE37B9 /* GCOAuth.h */ = {isa = PBXFileReference; lastKnownFileType = sourcecode.c.h; name = GCOAuth.h; path = dependencies/RestKit/include/RestKit/GCOAuth.h; sourceTree = "<group>"; };
		82A9FE2F15DC39EA00AE37B9 /* JSONKit.h */ = {isa = PBXFileReference; lastKnownFileType = sourcecode.c.h; name = JSONKit.h; path = dependencies/RestKit/include/RestKit/JSONKit.h; sourceTree = "<group>"; };
		82A9FE3015DC39EA00AE37B9 /* lcl.h */ = {isa = PBXFileReference; lastKnownFileType = sourcecode.c.h; name = lcl.h; path = dependencies/RestKit/include/RestKit/lcl.h; sourceTree = "<group>"; };
		82A9FE3115DC39EA00AE37B9 /* lcl_config_components.h */ = {isa = PBXFileReference; lastKnownFileType = sourcecode.c.h; name = lcl_config_components.h; path = dependencies/RestKit/include/RestKit/lcl_config_components.h; sourceTree = "<group>"; };
		82A9FE3215DC39EA00AE37B9 /* lcl_config_components.template.h */ = {isa = PBXFileReference; lastKnownFileType = sourcecode.c.h; name = lcl_config_components.template.h; path = dependencies/RestKit/include/RestKit/lcl_config_components.template.h; sourceTree = "<group>"; };
		82A9FE3315DC39EA00AE37B9 /* lcl_config_extensions.h */ = {isa = PBXFileReference; lastKnownFileType = sourcecode.c.h; name = lcl_config_extensions.h; path = dependencies/RestKit/include/RestKit/lcl_config_extensions.h; sourceTree = "<group>"; };
		82A9FE3415DC39EA00AE37B9 /* lcl_config_extensions.template.h */ = {isa = PBXFileReference; lastKnownFileType = sourcecode.c.h; name = lcl_config_extensions.template.h; path = dependencies/RestKit/include/RestKit/lcl_config_extensions.template.h; sourceTree = "<group>"; };
		82A9FE3515DC39EA00AE37B9 /* lcl_config_logger.h */ = {isa = PBXFileReference; lastKnownFileType = sourcecode.c.h; name = lcl_config_logger.h; path = dependencies/RestKit/include/RestKit/lcl_config_logger.h; sourceTree = "<group>"; };
		82A9FE3615DC39EA00AE37B9 /* lcl_config_logger.template.h */ = {isa = PBXFileReference; lastKnownFileType = sourcecode.c.h; name = lcl_config_logger.template.h; path = dependencies/RestKit/include/RestKit/lcl_config_logger.template.h; sourceTree = "<group>"; };
		82A9FE3715DC39EA00AE37B9 /* LCLNSLog.h */ = {isa = PBXFileReference; lastKnownFileType = sourcecode.c.h; name = LCLNSLog.h; path = dependencies/RestKit/include/RestKit/LCLNSLog.h; sourceTree = "<group>"; };
		82A9FE3815DC39EA00AE37B9 /* Network.h */ = {isa = PBXFileReference; lastKnownFileType = sourcecode.c.h; name = Network.h; path = dependencies/RestKit/include/RestKit/Network.h; sourceTree = "<group>"; };
		82A9FE3915DC39EA00AE37B9 /* NSData+Base64.h */ = {isa = PBXFileReference; lastKnownFileType = sourcecode.c.h; name = "NSData+Base64.h"; path = "dependencies/RestKit/include/RestKit/NSData+Base64.h"; sourceTree = "<group>"; };
		82A9FE3A15DC39EA00AE37B9 /* NSData+MD5.h */ = {isa = PBXFileReference; lastKnownFileType = sourcecode.c.h; name = "NSData+MD5.h"; path = "dependencies/RestKit/include/RestKit/NSData+MD5.h"; sourceTree = "<group>"; };
		82A9FE3B15DC39EA00AE37B9 /* NSDictionary+RKAdditions.h */ = {isa = PBXFileReference; lastKnownFileType = sourcecode.c.h; name = "NSDictionary+RKAdditions.h"; path = "dependencies/RestKit/include/RestKit/NSDictionary+RKAdditions.h"; sourceTree = "<group>"; };
		82A9FE3C15DC39EA00AE37B9 /* NSDictionary+RKRequestSerialization.h */ = {isa = PBXFileReference; lastKnownFileType = sourcecode.c.h; name = "NSDictionary+RKRequestSerialization.h"; path = "dependencies/RestKit/include/RestKit/NSDictionary+RKRequestSerialization.h"; sourceTree = "<group>"; };
		82A9FE3D15DC39EA00AE37B9 /* NSManagedObject+ActiveRecord.h */ = {isa = PBXFileReference; lastKnownFileType = sourcecode.c.h; name = "NSManagedObject+ActiveRecord.h"; path = "dependencies/RestKit/include/RestKit/NSManagedObject+ActiveRecord.h"; sourceTree = "<group>"; };
		82A9FE3E15DC39EA00AE37B9 /* NSString+MD5.h */ = {isa = PBXFileReference; lastKnownFileType = sourcecode.c.h; name = "NSString+MD5.h"; path = "dependencies/RestKit/include/RestKit/NSString+MD5.h"; sourceTree = "<group>"; };
		82A9FE3F15DC39EA00AE37B9 /* NSString+RestKit.h */ = {isa = PBXFileReference; lastKnownFileType = sourcecode.c.h; name = "NSString+RestKit.h"; path = "dependencies/RestKit/include/RestKit/NSString+RestKit.h"; sourceTree = "<group>"; };
		82A9FE4015DC39EA00AE37B9 /* NSURL+RestKit.h */ = {isa = PBXFileReference; lastKnownFileType = sourcecode.c.h; name = "NSURL+RestKit.h"; path = "dependencies/RestKit/include/RestKit/NSURL+RestKit.h"; sourceTree = "<group>"; };
		82A9FE4115DC39EA00AE37B9 /* ObjectMapping.h */ = {isa = PBXFileReference; lastKnownFileType = sourcecode.c.h; name = ObjectMapping.h; path = dependencies/RestKit/include/RestKit/ObjectMapping.h; sourceTree = "<group>"; };
		82A9FE4215DC39EA00AE37B9 /* RestKit.h */ = {isa = PBXFileReference; lastKnownFileType = sourcecode.c.h; name = RestKit.h; path = dependencies/RestKit/include/RestKit/RestKit.h; sourceTree = "<group>"; };
		82A9FE4315DC39EA00AE37B9 /* RKAlert.h */ = {isa = PBXFileReference; lastKnownFileType = sourcecode.c.h; name = RKAlert.h; path = dependencies/RestKit/include/RestKit/RKAlert.h; sourceTree = "<group>"; };
		82A9FE4415DC39EA00AE37B9 /* RKClient.h */ = {isa = PBXFileReference; lastKnownFileType = sourcecode.c.h; name = RKClient.h; path = dependencies/RestKit/include/RestKit/RKClient.h; sourceTree = "<group>"; };
		82A9FE4515DC39EA00AE37B9 /* RKConfigurationDelegate.h */ = {isa = PBXFileReference; lastKnownFileType = sourcecode.c.h; name = RKConfigurationDelegate.h; path = dependencies/RestKit/include/RestKit/RKConfigurationDelegate.h; sourceTree = "<group>"; };
		82A9FE4615DC39EA00AE37B9 /* RKDirectory.h */ = {isa = PBXFileReference; lastKnownFileType = sourcecode.c.h; name = RKDirectory.h; path = dependencies/RestKit/include/RestKit/RKDirectory.h; sourceTree = "<group>"; };
		82A9FE4715DC39EA00AE37B9 /* RKDotNetDateFormatter.h */ = {isa = PBXFileReference; lastKnownFileType = sourcecode.c.h; name = RKDotNetDateFormatter.h; path = dependencies/RestKit/include/RestKit/RKDotNetDateFormatter.h; sourceTree = "<group>"; };
		82A9FE4815DC39EA00AE37B9 /* RKDynamicObjectMapping.h */ = {isa = PBXFileReference; lastKnownFileType = sourcecode.c.h; name = RKDynamicObjectMapping.h; path = dependencies/RestKit/include/RestKit/RKDynamicObjectMapping.h; sourceTree = "<group>"; };
		82A9FE4915DC39EA00AE37B9 /* RKErrorMessage.h */ = {isa = PBXFileReference; lastKnownFileType = sourcecode.c.h; name = RKErrorMessage.h; path = dependencies/RestKit/include/RestKit/RKErrorMessage.h; sourceTree = "<group>"; };
		82A9FE4A15DC39EA00AE37B9 /* RKFixCategoryBug.h */ = {isa = PBXFileReference; lastKnownFileType = sourcecode.c.h; name = RKFixCategoryBug.h; path = dependencies/RestKit/include/RestKit/RKFixCategoryBug.h; sourceTree = "<group>"; };
		82A9FE4B15DC39EA00AE37B9 /* RKJSONParserJSONKit.h */ = {isa = PBXFileReference; lastKnownFileType = sourcecode.c.h; name = RKJSONParserJSONKit.h; path = dependencies/RestKit/include/RestKit/RKJSONParserJSONKit.h; sourceTree = "<group>"; };
		82A9FE4C15DC39EA00AE37B9 /* RKLog.h */ = {isa = PBXFileReference; lastKnownFileType = sourcecode.c.h; name = RKLog.h; path = dependencies/RestKit/include/RestKit/RKLog.h; sourceTree = "<group>"; };
		82A9FE4D15DC39EA00AE37B9 /* RKManagedObjectCache.h */ = {isa = PBXFileReference; lastKnownFileType = sourcecode.c.h; name = RKManagedObjectCache.h; path = dependencies/RestKit/include/RestKit/RKManagedObjectCache.h; sourceTree = "<group>"; };
		82A9FE4E15DC39EA00AE37B9 /* RKManagedObjectLoader.h */ = {isa = PBXFileReference; lastKnownFileType = sourcecode.c.h; name = RKManagedObjectLoader.h; path = dependencies/RestKit/include/RestKit/RKManagedObjectLoader.h; sourceTree = "<group>"; };
		82A9FE4F15DC39EA00AE37B9 /* RKManagedObjectMapping.h */ = {isa = PBXFileReference; lastKnownFileType = sourcecode.c.h; name = RKManagedObjectMapping.h; path = dependencies/RestKit/include/RestKit/RKManagedObjectMapping.h; sourceTree = "<group>"; };
		82A9FE5015DC39EA00AE37B9 /* RKManagedObjectMappingOperation.h */ = {isa = PBXFileReference; lastKnownFileType = sourcecode.c.h; name = RKManagedObjectMappingOperation.h; path = dependencies/RestKit/include/RestKit/RKManagedObjectMappingOperation.h; sourceTree = "<group>"; };
		82A9FE5115DC39EA00AE37B9 /* RKManagedObjectSeeder.h */ = {isa = PBXFileReference; lastKnownFileType = sourcecode.c.h; name = RKManagedObjectSeeder.h; path = dependencies/RestKit/include/RestKit/RKManagedObjectSeeder.h; sourceTree = "<group>"; };
		82A9FE5215DC39EA00AE37B9 /* RKManagedObjectStore.h */ = {isa = PBXFileReference; lastKnownFileType = sourcecode.c.h; name = RKManagedObjectStore.h; path = dependencies/RestKit/include/RestKit/RKManagedObjectStore.h; sourceTree = "<group>"; };
		82A9FE5315DC39EA00AE37B9 /* RKManagedObjectThreadSafeInvocation.h */ = {isa = PBXFileReference; lastKnownFileType = sourcecode.c.h; name = RKManagedObjectThreadSafeInvocation.h; path = dependencies/RestKit/include/RestKit/RKManagedObjectThreadSafeInvocation.h; sourceTree = "<group>"; };
		82A9FE5415DC39EA00AE37B9 /* RKMappingOperationQueue.h */ = {isa = PBXFileReference; lastKnownFileType = sourcecode.c.h; name = RKMappingOperationQueue.h; path = dependencies/RestKit/include/RestKit/RKMappingOperationQueue.h; sourceTree = "<group>"; };
		82A9FE5515DC39EA00AE37B9 /* RKMIMETypes.h */ = {isa = PBXFileReference; lastKnownFileType = sourcecode.c.h; name = RKMIMETypes.h; path = dependencies/RestKit/include/RestKit/RKMIMETypes.h; sourceTree = "<group>"; };
		82A9FE5615DC39EA00AE37B9 /* RKNotifications.h */ = {isa = PBXFileReference; lastKnownFileType = sourcecode.c.h; name = RKNotifications.h; path = dependencies/RestKit/include/RestKit/RKNotifications.h; sourceTree = "<group>"; };
		82A9FE5715DC39EA00AE37B9 /* RKOAuthClient.h */ = {isa = PBXFileReference; lastKnownFileType = sourcecode.c.h; name = RKOAuthClient.h; path = dependencies/RestKit/include/RestKit/RKOAuthClient.h; sourceTree = "<group>"; };
		82A9FE5815DC39EA00AE37B9 /* RKObjectAttributeMapping.h */ = {isa = PBXFileReference; lastKnownFileType = sourcecode.c.h; name = RKObjectAttributeMapping.h; path = dependencies/RestKit/include/RestKit/RKObjectAttributeMapping.h; sourceTree = "<group>"; };
		82A9FE5915DC39EA00AE37B9 /* RKObjectLoader.h */ = {isa = PBXFileReference; lastKnownFileType = sourcecode.c.h; name = RKObjectLoader.h; path = dependencies/RestKit/include/RestKit/RKObjectLoader.h; sourceTree = "<group>"; };
		82A9FE5A15DC39EA00AE37B9 /* RKObjectLoader_Internals.h */ = {isa = PBXFileReference; lastKnownFileType = sourcecode.c.h; name = RKObjectLoader_Internals.h; path = dependencies/RestKit/include/RestKit/RKObjectLoader_Internals.h; sourceTree = "<group>"; };
		82A9FE5B15DC39EA00AE37B9 /* RKObjectManager.h */ = {isa = PBXFileReference; lastKnownFileType = sourcecode.c.h; name = RKObjectManager.h; path = dependencies/RestKit/include/RestKit/RKObjectManager.h; sourceTree = "<group>"; };
		82A9FE5C15DC39EA00AE37B9 /* RKObjectMapper.h */ = {isa = PBXFileReference; lastKnownFileType = sourcecode.c.h; name = RKObjectMapper.h; path = dependencies/RestKit/include/RestKit/RKObjectMapper.h; sourceTree = "<group>"; };
		82A9FE5D15DC39EA00AE37B9 /* RKObjectMapper_Private.h */ = {isa = PBXFileReference; lastKnownFileType = sourcecode.c.h; name = RKObjectMapper_Private.h; path = dependencies/RestKit/include/RestKit/RKObjectMapper_Private.h; sourceTree = "<group>"; };
		82A9FE5E15DC39EA00AE37B9 /* RKObjectMapperError.h */ = {isa = PBXFileReference; lastKnownFileType = sourcecode.c.h; name = RKObjectMapperError.h; path = dependencies/RestKit/include/RestKit/RKObjectMapperError.h; sourceTree = "<group>"; };
		82A9FE5F15DC39EA00AE37B9 /* RKObjectMapping.h */ = {isa = PBXFileReference; lastKnownFileType = sourcecode.c.h; name = RKObjectMapping.h; path = dependencies/RestKit/include/RestKit/RKObjectMapping.h; sourceTree = "<group>"; };
		82A9FE6015DC39EA00AE37B9 /* RKObjectMappingDefinition.h */ = {isa = PBXFileReference; lastKnownFileType = sourcecode.c.h; name = RKObjectMappingDefinition.h; path = dependencies/RestKit/include/RestKit/RKObjectMappingDefinition.h; sourceTree = "<group>"; };
		82A9FE6115DC39EA00AE37B9 /* RKObjectMappingOperation.h */ = {isa = PBXFileReference; lastKnownFileType = sourcecode.c.h; name = RKObjectMappingOperation.h; path = dependencies/RestKit/include/RestKit/RKObjectMappingOperation.h; sourceTree = "<group>"; };
		82A9FE6215DC39EB00AE37B9 /* RKObjectMappingProvider.h */ = {isa = PBXFileReference; lastKnownFileType = sourcecode.c.h; name = RKObjectMappingProvider.h; path = dependencies/RestKit/include/RestKit/RKObjectMappingProvider.h; sourceTree = "<group>"; };
		82A9FE6315DC39EB00AE37B9 /* RKObjectMappingResult.h */ = {isa = PBXFileReference; lastKnownFileType = sourcecode.c.h; name = RKObjectMappingResult.h; path = dependencies/RestKit/include/RestKit/RKObjectMappingResult.h; sourceTree = "<group>"; };
		82A9FE6415DC39EB00AE37B9 /* RKObjectPropertyInspector+CoreData.h */ = {isa = PBXFileReference; lastKnownFileType = sourcecode.c.h; name = "RKObjectPropertyInspector+CoreData.h"; path = "dependencies/RestKit/include/RestKit/RKObjectPropertyInspector+CoreData.h"; sourceTree = "<group>"; };
		82A9FE6515DC39EB00AE37B9 /* RKObjectPropertyInspector.h */ = {isa = PBXFileReference; lastKnownFileType = sourcecode.c.h; name = RKObjectPropertyInspector.h; path = dependencies/RestKit/include/RestKit/RKObjectPropertyInspector.h; sourceTree = "<group>"; };
		82A9FE6615DC39EB00AE37B9 /* RKObjectRelationshipMapping.h */ = {isa = PBXFileReference; lastKnownFileType = sourcecode.c.h; name = RKObjectRelationshipMapping.h; path = dependencies/RestKit/include/RestKit/RKObjectRelationshipMapping.h; sourceTree = "<group>"; };
		82A9FE6715DC39EB00AE37B9 /* RKObjectRouter.h */ = {isa = PBXFileReference; lastKnownFileType = sourcecode.c.h; name = RKObjectRouter.h; path = dependencies/RestKit/include/RestKit/RKObjectRouter.h; sourceTree = "<group>"; };
		82A9FE6815DC39EB00AE37B9 /* RKObjectSerializer.h */ = {isa = PBXFileReference; lastKnownFileType = sourcecode.c.h; name = RKObjectSerializer.h; path = dependencies/RestKit/include/RestKit/RKObjectSerializer.h; sourceTree = "<group>"; };
		82A9FE6915DC39EB00AE37B9 /* RKParams.h */ = {isa = PBXFileReference; lastKnownFileType = sourcecode.c.h; name = RKParams.h; path = dependencies/RestKit/include/RestKit/RKParams.h; sourceTree = "<group>"; };
		82A9FE6A15DC39EB00AE37B9 /* RKParamsAttachment.h */ = {isa = PBXFileReference; lastKnownFileType = sourcecode.c.h; name = RKParamsAttachment.h; path = dependencies/RestKit/include/RestKit/RKParamsAttachment.h; sourceTree = "<group>"; };
		82A9FE6B15DC39EB00AE37B9 /* RKParser.h */ = {isa = PBXFileReference; lastKnownFileType = sourcecode.c.h; name = RKParser.h; path = dependencies/RestKit/include/RestKit/RKParser.h; sourceTree = "<group>"; };
		82A9FE6C15DC39EB00AE37B9 /* RKParserRegistry.h */ = {isa = PBXFileReference; lastKnownFileType = sourcecode.c.h; name = RKParserRegistry.h; path = dependencies/RestKit/include/RestKit/RKParserRegistry.h; sourceTree = "<group>"; };
		82A9FE6D15DC39EB00AE37B9 /* RKPathMatcher.h */ = {isa = PBXFileReference; lastKnownFileType = sourcecode.c.h; name = RKPathMatcher.h; path = dependencies/RestKit/include/RestKit/RKPathMatcher.h; sourceTree = "<group>"; };
		82A9FE6E15DC39EB00AE37B9 /* RKReachabilityObserver.h */ = {isa = PBXFileReference; lastKnownFileType = sourcecode.c.h; name = RKReachabilityObserver.h; path = dependencies/RestKit/include/RestKit/RKReachabilityObserver.h; sourceTree = "<group>"; };
		82A9FE6F15DC39EB00AE37B9 /* RKRequest.h */ = {isa = PBXFileReference; lastKnownFileType = sourcecode.c.h; name = RKRequest.h; path = dependencies/RestKit/include/RestKit/RKRequest.h; sourceTree = "<group>"; };
		82A9FE7015DC39EB00AE37B9 /* RKRequest_Internals.h */ = {isa = PBXFileReference; lastKnownFileType = sourcecode.c.h; name = RKRequest_Internals.h; path = dependencies/RestKit/include/RestKit/RKRequest_Internals.h; sourceTree = "<group>"; };
		82A9FE7115DC39EB00AE37B9 /* RKRequestCache.h */ = {isa = PBXFileReference; lastKnownFileType = sourcecode.c.h; name = RKRequestCache.h; path = dependencies/RestKit/include/RestKit/RKRequestCache.h; sourceTree = "<group>"; };
		82A9FE7215DC39EB00AE37B9 /* RKRequestQueue.h */ = {isa = PBXFileReference; lastKnownFileType = sourcecode.c.h; name = RKRequestQueue.h; path = dependencies/RestKit/include/RestKit/RKRequestQueue.h; sourceTree = "<group>"; };
		82A9FE7315DC39EB00AE37B9 /* RKRequestSerializable.h */ = {isa = PBXFileReference; lastKnownFileType = sourcecode.c.h; name = RKRequestSerializable.h; path = dependencies/RestKit/include/RestKit/RKRequestSerializable.h; sourceTree = "<group>"; };
		82A9FE7415DC39EB00AE37B9 /* RKRequestSerialization.h */ = {isa = PBXFileReference; lastKnownFileType = sourcecode.c.h; name = RKRequestSerialization.h; path = dependencies/RestKit/include/RestKit/RKRequestSerialization.h; sourceTree = "<group>"; };
		82A9FE7515DC39EB00AE37B9 /* RKResponse.h */ = {isa = PBXFileReference; lastKnownFileType = sourcecode.c.h; name = RKResponse.h; path = dependencies/RestKit/include/RestKit/RKResponse.h; sourceTree = "<group>"; };
		82A9FE7615DC39EB00AE37B9 /* RKRouter.h */ = {isa = PBXFileReference; lastKnownFileType = sourcecode.c.h; name = RKRouter.h; path = dependencies/RestKit/include/RestKit/RKRouter.h; sourceTree = "<group>"; };
		82A9FE7715DC39EB00AE37B9 /* RKSearchEngine.h */ = {isa = PBXFileReference; lastKnownFileType = sourcecode.c.h; name = RKSearchEngine.h; path = dependencies/RestKit/include/RestKit/RKSearchEngine.h; sourceTree = "<group>"; };
		82A9FE7815DC39EB00AE37B9 /* RKURL.h */ = {isa = PBXFileReference; lastKnownFileType = sourcecode.c.h; name = RKURL.h; path = dependencies/RestKit/include/RestKit/RKURL.h; sourceTree = "<group>"; };
		82A9FE7915DC39EB00AE37B9 /* RKXMLParserLibXML.h */ = {isa = PBXFileReference; lastKnownFileType = sourcecode.c.h; name = RKXMLParserLibXML.h; path = dependencies/RestKit/include/RestKit/RKXMLParserLibXML.h; sourceTree = "<group>"; };
		82A9FE7A15DC39EB00AE37B9 /* SOCKit.h */ = {isa = PBXFileReference; lastKnownFileType = sourcecode.c.h; name = SOCKit.h; path = dependencies/RestKit/include/RestKit/SOCKit.h; sourceTree = "<group>"; };
		82A9FE7B15DC39EB00AE37B9 /* Support.h */ = {isa = PBXFileReference; lastKnownFileType = sourcecode.c.h; name = Support.h; path = dependencies/RestKit/include/RestKit/Support.h; sourceTree = "<group>"; };
		82A9FE7C15DC39EB00AE37B9 /* libRestKit.a */ = {isa = PBXFileReference; lastKnownFileType = archive.ar; name = libRestKit.a; path = dependencies/RestKit/libRestKit.a; sourceTree = "<group>"; };
		82A9FE8015DC39EB00AE37B9 /* NSData+SFAdditions.h */ = {isa = PBXFileReference; lastKnownFileType = sourcecode.c.h; name = "NSData+SFAdditions.h"; path = "dependencies/SalesforceCommonUtils/Headers/NSData+SFAdditions.h"; sourceTree = "<group>"; };
		82A9FE8115DC39EB00AE37B9 /* NSDictionary+SFAdditions.h */ = {isa = PBXFileReference; lastKnownFileType = sourcecode.c.h; name = "NSDictionary+SFAdditions.h"; path = "dependencies/SalesforceCommonUtils/Headers/NSDictionary+SFAdditions.h"; sourceTree = "<group>"; };
		82A9FE8215DC39EB00AE37B9 /* NSObject+SFBlocks.h */ = {isa = PBXFileReference; lastKnownFileType = sourcecode.c.h; name = "NSObject+SFBlocks.h"; path = "dependencies/SalesforceCommonUtils/Headers/NSObject+SFBlocks.h"; sourceTree = "<group>"; };
		82A9FE8315DC39EB00AE37B9 /* NSString+SFAdditions.h */ = {isa = PBXFileReference; lastKnownFileType = sourcecode.c.h; name = "NSString+SFAdditions.h"; path = "dependencies/SalesforceCommonUtils/Headers/NSString+SFAdditions.h"; sourceTree = "<group>"; };
		82A9FE8415DC39EB00AE37B9 /* NSString+SFPathAdditions.h */ = {isa = PBXFileReference; lastKnownFileType = sourcecode.c.h; name = "NSString+SFPathAdditions.h"; path = "dependencies/SalesforceCommonUtils/Headers/NSString+SFPathAdditions.h"; sourceTree = "<group>"; };
		82A9FE8515DC39EB00AE37B9 /* SFCoverView.h */ = {isa = PBXFileReference; lastKnownFileType = sourcecode.c.h; name = SFCoverView.h; path = dependencies/SalesforceCommonUtils/Headers/SFCoverView.h; sourceTree = "<group>"; };
		82A9FE8615DC39EB00AE37B9 /* SFDateUtil.h */ = {isa = PBXFileReference; lastKnownFileType = sourcecode.c.h; name = SFDateUtil.h; path = dependencies/SalesforceCommonUtils/Headers/SFDateUtil.h; sourceTree = "<group>"; };
		82A9FE8715DC39EB00AE37B9 /* SFDeviceInfo.h */ = {isa = PBXFileReference; lastKnownFileType = sourcecode.c.h; name = SFDeviceInfo.h; path = dependencies/SalesforceCommonUtils/Headers/SFDeviceInfo.h; sourceTree = "<group>"; };
		82A9FE8815DC39EB00AE37B9 /* SFEncryptionManager.h */ = {isa = PBXFileReference; lastKnownFileType = sourcecode.c.h; name = SFEncryptionManager.h; path = dependencies/SalesforceCommonUtils/Headers/SFEncryptionManager.h; sourceTree = "<group>"; };
		82A9FE8915DC39EB00AE37B9 /* SFGradientView.h */ = {isa = PBXFileReference; lastKnownFileType = sourcecode.c.h; name = SFGradientView.h; path = dependencies/SalesforceCommonUtils/Headers/SFGradientView.h; sourceTree = "<group>"; };
		82A9FE8A15DC39EB00AE37B9 /* SFKeychainItemWrapper.h */ = {isa = PBXFileReference; lastKnownFileType = sourcecode.c.h; name = SFKeychainItemWrapper.h; path = dependencies/SalesforceCommonUtils/Headers/SFKeychainItemWrapper.h; sourceTree = "<group>"; };
		82A9FE8B15DC39EB00AE37B9 /* SFLogger.h */ = {isa = PBXFileReference; lastKnownFileType = sourcecode.c.h; name = SFLogger.h; path = dependencies/SalesforceCommonUtils/Headers/SFLogger.h; sourceTree = "<group>"; };
		82A9FE8C15DC39EB00AE37B9 /* SFMD5.h */ = {isa = PBXFileReference; lastKnownFileType = sourcecode.c.h; name = SFMD5.h; path = dependencies/SalesforceCommonUtils/Headers/SFMD5.h; sourceTree = "<group>"; };
		82A9FE8D15DC39EB00AE37B9 /* SFPadPickListViewController.h */ = {isa = PBXFileReference; lastKnownFileType = sourcecode.c.h; name = SFPadPickListViewController.h; path = dependencies/SalesforceCommonUtils/Headers/SFPadPickListViewController.h; sourceTree = "<group>"; };
		82A9FE8E15DC39EB00AE37B9 /* SFPathUtil.h */ = {isa = PBXFileReference; lastKnownFileType = sourcecode.c.h; name = SFPathUtil.h; path = dependencies/SalesforceCommonUtils/Headers/SFPathUtil.h; sourceTree = "<group>"; };
		82A9FE8F15DC39EB00AE37B9 /* SFPhonePickListViewController.h */ = {isa = PBXFileReference; lastKnownFileType = sourcecode.c.h; name = SFPhonePickListViewController.h; path = dependencies/SalesforceCommonUtils/Headers/SFPhonePickListViewController.h; sourceTree = "<group>"; };
		82A9FE9015DC39EB00AE37B9 /* SFPickListViewController.h */ = {isa = PBXFileReference; lastKnownFileType = sourcecode.c.h; name = SFPickListViewController.h; path = dependencies/SalesforceCommonUtils/Headers/SFPickListViewController.h; sourceTree = "<group>"; };
		82A9FE9115DC39EB00AE37B9 /* SFTestContext.h */ = {isa = PBXFileReference; lastKnownFileType = sourcecode.c.h; name = SFTestContext.h; path = dependencies/SalesforceCommonUtils/Headers/SFTestContext.h; sourceTree = "<group>"; };
		82A9FE9215DC39EB00AE37B9 /* UIActionSheet+SFBlocks.h */ = {isa = PBXFileReference; lastKnownFileType = sourcecode.c.h; name = "UIActionSheet+SFBlocks.h"; path = "dependencies/SalesforceCommonUtils/Headers/UIActionSheet+SFBlocks.h"; sourceTree = "<group>"; };
		82A9FE9315DC39EB00AE37B9 /* UIAlertView+SFBlocks.h */ = {isa = PBXFileReference; lastKnownFileType = sourcecode.c.h; name = "UIAlertView+SFBlocks.h"; path = "dependencies/SalesforceCommonUtils/Headers/UIAlertView+SFBlocks.h"; sourceTree = "<group>"; };
		82A9FE9415DC39EB00AE37B9 /* UIBarButtonItem+SFAddtions.h */ = {isa = PBXFileReference; lastKnownFileType = sourcecode.c.h; name = "UIBarButtonItem+SFAddtions.h"; path = "dependencies/SalesforceCommonUtils/Headers/UIBarButtonItem+SFAddtions.h"; sourceTree = "<group>"; };
		82A9FE9515DC39EB00AE37B9 /* UIDevice+SFHardware.h */ = {isa = PBXFileReference; lastKnownFileType = sourcecode.c.h; name = "UIDevice+SFHardware.h"; path = "dependencies/SalesforceCommonUtils/Headers/UIDevice+SFHardware.h"; sourceTree = "<group>"; };
		82A9FE9615DC39EB00AE37B9 /* UILabel+SFAdditions.h */ = {isa = PBXFileReference; lastKnownFileType = sourcecode.c.h; name = "UILabel+SFAdditions.h"; path = "dependencies/SalesforceCommonUtils/Headers/UILabel+SFAdditions.h"; sourceTree = "<group>"; };
		82A9FE9815DC39EB00AE37B9 /* libSalesforceCommonUtils.a */ = {isa = PBXFileReference; lastKnownFileType = archive.ar; name = libSalesforceCommonUtils.a; path = dependencies/SalesforceCommonUtils/Libraries/libSalesforceCommonUtils.a; sourceTree = "<group>"; };
		82A9FE9D15DC39EB00AE37B9 /* SFOAuthCoordinator.h */ = {isa = PBXFileReference; lastKnownFileType = sourcecode.c.h; name = SFOAuthCoordinator.h; path = dependencies/SalesforceOAuth/Headers/SalesforceOAuth/SFOAuthCoordinator.h; sourceTree = "<group>"; };
		82A9FE9E15DC39EB00AE37B9 /* SFOAuthCredentials.h */ = {isa = PBXFileReference; lastKnownFileType = sourcecode.c.h; name = SFOAuthCredentials.h; path = dependencies/SalesforceOAuth/Headers/SalesforceOAuth/SFOAuthCredentials.h; sourceTree = "<group>"; };
		82A9FE9F15DC39EB00AE37B9 /* libSalesforceOAuth.a */ = {isa = PBXFileReference; lastKnownFileType = archive.ar; name = libSalesforceOAuth.a; path = dependencies/SalesforceOAuth/Libraries/libSalesforceOAuth.a; sourceTree = "<group>"; };
		82A9FEA415DC39EB00AE37B9 /* SalesforceSDKConstants.h */ = {isa = PBXFileReference; lastKnownFileType = sourcecode.c.h; name = SalesforceSDKConstants.h; path = dependencies/SalesforceSDK/include/SalesforceSDK/SalesforceSDKConstants.h; sourceTree = "<group>"; };
		82A9FEA515DC39EB00AE37B9 /* SFApplication.h */ = {isa = PBXFileReference; lastKnownFileType = sourcecode.c.h; name = SFApplication.h; path = dependencies/SalesforceSDK/include/SalesforceSDK/SFApplication.h; sourceTree = "<group>"; };
		82A9FEA615DC39EB00AE37B9 /* SFAccountManager.h */ = {isa = PBXFileReference; lastKnownFileType = sourcecode.c.h; name = SFAccountManager.h; path = dependencies/SalesforceSDK/include/SalesforceSDK/SFAccountManager.h; sourceTree = "<group>"; };
		82A9FEA715DC39EB00AE37B9 /* SFAuthorizingViewController.h */ = {isa = PBXFileReference; lastKnownFileType = sourcecode.c.h; name = SFAuthorizingViewController.h; path = dependencies/SalesforceSDK/include/SalesforceSDK/SFAuthorizingViewController.h; sourceTree = "<group>"; };
		82A9FEA815DC39EB00AE37B9 /* SFIdentityCoordinator.h */ = {isa = PBXFileReference; lastKnownFileType = sourcecode.c.h; name = SFIdentityCoordinator.h; path = dependencies/SalesforceSDK/include/SalesforceSDK/SFIdentityCoordinator.h; sourceTree = "<group>"; };
		82A9FEA915DC39EB00AE37B9 /* SFIdentityData.h */ = {isa = PBXFileReference; lastKnownFileType = sourcecode.c.h; name = SFIdentityData.h; path = dependencies/SalesforceSDK/include/SalesforceSDK/SFIdentityData.h; sourceTree = "<group>"; };
		82A9FEAA15DC39EB00AE37B9 /* SFNativeRestAppDelegate.h */ = {isa = PBXFileReference; lastKnownFileType = sourcecode.c.h; name = SFNativeRestAppDelegate.h; path = dependencies/SalesforceSDK/include/SalesforceSDK/SFNativeRestAppDelegate.h; sourceTree = "<group>"; };
		82A9FEAB15DC39EB00AE37B9 /* SFNativeRootViewController.h */ = {isa = PBXFileReference; lastKnownFileType = sourcecode.c.h; name = SFNativeRootViewController.h; path = dependencies/SalesforceSDK/include/SalesforceSDK/SFNativeRootViewController.h; sourceTree = "<group>"; };
		82A9FEAC15DC39EB00AE37B9 /* SFRestAPI.h */ = {isa = PBXFileReference; lastKnownFileType = sourcecode.c.h; name = SFRestAPI.h; path = dependencies/SalesforceSDK/include/SalesforceSDK/SFRestAPI.h; sourceTree = "<group>"; };
		82A9FEAD15DC39EB00AE37B9 /* SFRestAPI+Blocks.h */ = {isa = PBXFileReference; lastKnownFileType = sourcecode.c.h; name = "SFRestAPI+Blocks.h"; path = "dependencies/SalesforceSDK/include/SalesforceSDK/SFRestAPI+Blocks.h"; sourceTree = "<group>"; };
		82A9FEAE15DC39EB00AE37B9 /* SFRestAPI+QueryBuilder.h */ = {isa = PBXFileReference; lastKnownFileType = sourcecode.c.h; name = "SFRestAPI+QueryBuilder.h"; path = "dependencies/SalesforceSDK/include/SalesforceSDK/SFRestAPI+QueryBuilder.h"; sourceTree = "<group>"; };
		82A9FEAF15DC39EB00AE37B9 /* SFRestRequest.h */ = {isa = PBXFileReference; lastKnownFileType = sourcecode.c.h; name = SFRestRequest.h; path = dependencies/SalesforceSDK/include/SalesforceSDK/SFRestRequest.h; sourceTree = "<group>"; };
		82A9FEB015DC39EB00AE37B9 /* libSalesforceSDK.a */ = {isa = PBXFileReference; lastKnownFileType = archive.ar; name = libSalesforceSDK.a; path = dependencies/SalesforceSDK/libSalesforceSDK.a; sourceTree = "<group>"; };
		82A9FEB415DC39EB00AE37B9 /* icon-72.png */ = {isa = PBXFileReference; lastKnownFileType = image.png; name = "icon-72.png"; path = "Resources/icons/icon-72.png"; sourceTree = "<group>"; };
		82A9FEB615DC39EB00AE37B9 /* icon.png */ = {isa = PBXFileReference; lastKnownFileType = image.png; name = icon.png; path = Resources/icons/icon.png; sourceTree = "<group>"; };
		82A9FEB815DC39EB00AE37B9 /* icon@2x.png */ = {isa = PBXFileReference; lastKnownFileType = image.png; name = "icon@2x.png"; path = "Resources/icons/icon@2x.png"; sourceTree = "<group>"; };
		82A9FEBB15DC39EB00AE37B9 /* Default-Landscape~ipad.png */ = {isa = PBXFileReference; lastKnownFileType = image.png; name = "Default-Landscape~ipad.png"; path = "Resources/splash/Default-Landscape~ipad.png"; sourceTree = "<group>"; };
		82A9FEBD15DC39EB00AE37B9 /* Default-Portrait~ipad.png */ = {isa = PBXFileReference; lastKnownFileType = image.png; name = "Default-Portrait~ipad.png"; path = "Resources/splash/Default-Portrait~ipad.png"; sourceTree = "<group>"; };
		82A9FEBF15DC39EB00AE37B9 /* Default.png */ = {isa = PBXFileReference; lastKnownFileType = image.png; name = Default.png; path = Resources/splash/Default.png; sourceTree = "<group>"; };
		82A9FEC115DC39EC00AE37B9 /* Default@2x.png */ = {isa = PBXFileReference; lastKnownFileType = image.png; name = "Default@2x.png"; path = "Resources/splash/Default@2x.png"; sourceTree = "<group>"; };
		82A9FEC315DC39EC00AE37B9 /* Default~iPad.png */ = {isa = PBXFileReference; lastKnownFileType = image.png; name = "Default~iPad.png"; path = "Resources/splash/Default~iPad.png"; sourceTree = "<group>"; };
		82A9FEC515DC39EC00AE37B9 /* readme.txt */ = {isa = PBXFileReference; lastKnownFileType = text; path = readme.txt; sourceTree = "<group>"; };
		82A9FEC815DC39EC00AE37B9 /* AppDelegate.h */ = {isa = PBXFileReference; lastKnownFileType = sourcecode.c.h; name = AppDelegate.h; path = Classes/AppDelegate.h; sourceTree = "<group>"; };
		82A9FEC915DC39EC00AE37B9 /* AppDelegate.m */ = {isa = PBXFileReference; lastKnownFileType = sourcecode.c.objc; name = AppDelegate.m; path = Classes/AppDelegate.m; sourceTree = "<group>"; };
		82A9FECB15DC39EC00AE37B9 /* RootViewController.h */ = {isa = PBXFileReference; lastKnownFileType = sourcecode.c.h; name = RootViewController.h; path = Classes/RootViewController.h; sourceTree = "<group>"; };
		82A9FECC15DC39EC00AE37B9 /* RootViewController.m */ = {isa = PBXFileReference; lastKnownFileType = sourcecode.c.objc; name = RootViewController.m; path = Classes/RootViewController.m; sourceTree = "<group>"; };
		82A9FECF15DC39EC00AE37B9 /* SFAuthorizingViewController.xib */ = {isa = PBXFileReference; lastKnownFileType = file.xib; name = SFAuthorizingViewController.xib; path = NativeRestApp/SFAuthorizingViewController.xib; sourceTree = "<group>"; };
		82A9FED115DC39EC00AE37B9 /* SFNativeRootViewController.xib */ = {isa = PBXFileReference; lastKnownFileType = file.xib; name = SFNativeRootViewController.xib; path = NativeRestApp/SFNativeRootViewController.xib; sourceTree = "<group>"; };
		82A9FED315DC39EC00AE37B9 /* libxml2.dylib */ = {isa = PBXFileReference; lastKnownFileType = "compiled.mach-o.dylib"; name = libxml2.dylib; path = /usr/lib/libxml2.dylib; sourceTree = SDKROOT; };
		82A9FED515DC39EC00AE37B9 /* libsqlite3.dylib */ = {isa = PBXFileReference; lastKnownFileType = "compiled.mach-o.dylib"; name = libsqlite3.dylib; path = /usr/lib/libsqlite3.dylib; sourceTree = SDKROOT; };
		82A9FED715DC39EC00AE37B9 /* libz.dylib */ = {isa = PBXFileReference; lastKnownFileType = "compiled.mach-o.dylib"; name = libz.dylib; path = /usr/lib/libz.dylib; sourceTree = SDKROOT; };
		82A9FED915DC39EC00AE37B9 /* Settings.bundle */ = {isa = PBXFileReference; lastKnownFileType = "wrapper.plug-in"; path = Settings.bundle; sourceTree = "<group>"; };
		82A9FEE415DC3BDF00AE37B9 /* TrackDetailsViewController.h */ = {isa = PBXFileReference; fileEncoding = 4; lastKnownFileType = sourcecode.c.h; name = TrackDetailsViewController.h; path = Classes/TrackDetailsViewController.h; sourceTree = "<group>"; };
		82A9FEE515DC3BDF00AE37B9 /* TrackDetailsViewController.m */ = {isa = PBXFileReference; fileEncoding = 4; lastKnownFileType = sourcecode.c.objc; name = TrackDetailsViewController.m; path = Classes/TrackDetailsViewController.m; sourceTree = "<group>"; };
		82A9FEE615DC3BDF00AE37B9 /* TrackDetailsViewController.xib */ = {isa = PBXFileReference; fileEncoding = 4; lastKnownFileType = file.xib; name = TrackDetailsViewController.xib; path = Classes/TrackDetailsViewController.xib; sourceTree = "<group>"; };
		82A9FEEB15DC3F4100AE37B9 /* albums.png */ = {isa = PBXFileReference; lastKnownFileType = image.png; name = albums.png; path = Resources/albums.png; sourceTree = "<group>"; };
/* End PBXFileReference section */

/* Begin PBXFrameworksBuildPhase section */
		82A9FE0315DC39EA00AE37B9 /* Frameworks */ = {
			isa = PBXFrameworksBuildPhase;
			buildActionMask = 2147483647;
			files = (
				82A9FE0C15DC39EA00AE37B9 /* CoreData.framework in Frameworks */,
				82A9FE0E15DC39EA00AE37B9 /* QuartzCore.framework in Frameworks */,
				82A9FE1015DC39EA00AE37B9 /* SystemConfiguration.framework in Frameworks */,
				82A9FE1215DC39EA00AE37B9 /* Security.framework in Frameworks */,
				82A9FE1415DC39EA00AE37B9 /* UIKit.framework in Frameworks */,
				82A9FE1615DC39EA00AE37B9 /* Foundation.framework in Frameworks */,
				82A9FE1815DC39EA00AE37B9 /* CoreGraphics.framework in Frameworks */,
				82A9FE1A15DC39EA00AE37B9 /* CFNetwork.framework in Frameworks */,
				82A9FE1C15DC39EA00AE37B9 /* MobileCoreServices.framework in Frameworks */,
				82A9FE7D15DC39EB00AE37B9 /* libRestKit.a in Frameworks */,
				82A9FE9915DC39EB00AE37B9 /* libSalesforceCommonUtils.a in Frameworks */,
				82A9FEA015DC39EB00AE37B9 /* libSalesforceOAuth.a in Frameworks */,
				82A9FEB115DC39EB00AE37B9 /* libSalesforceSDK.a in Frameworks */,
				82A9FED415DC39EC00AE37B9 /* libxml2.dylib in Frameworks */,
				82A9FED615DC39EC00AE37B9 /* libsqlite3.dylib in Frameworks */,
				82A9FED815DC39EC00AE37B9 /* libz.dylib in Frameworks */,
			);
			runOnlyForDeploymentPostprocessing = 0;
		};
/* End PBXFrameworksBuildPhase section */

/* Begin PBXGroup section */
		82A9FDFB15DC39EA00AE37B9 = {
			isa = PBXGroup;
			children = (
				82A9FE1D15DC39EA00AE37B9 /* CloudTunesNative */,
				82A9FE0A15DC39EA00AE37B9 /* Frameworks */,
				82A9FE0815DC39EA00AE37B9 /* Products */,
			);
			sourceTree = "<group>";
		};
		82A9FE0815DC39EA00AE37B9 /* Products */ = {
			isa = PBXGroup;
			children = (
				82A9FE0715DC39EA00AE37B9 /* CloudTunesNative.app */,
			);
			name = Products;
			sourceTree = "<group>";
		};
		82A9FE0A15DC39EA00AE37B9 /* Frameworks */ = {
			isa = PBXGroup;
			children = (
				82A9FE0B15DC39EA00AE37B9 /* CoreData.framework */,
				82A9FE0D15DC39EA00AE37B9 /* QuartzCore.framework */,
				82A9FE0F15DC39EA00AE37B9 /* SystemConfiguration.framework */,
				82A9FE1115DC39EA00AE37B9 /* Security.framework */,
				82A9FE1315DC39EA00AE37B9 /* UIKit.framework */,
				82A9FE1515DC39EA00AE37B9 /* Foundation.framework */,
				82A9FE1715DC39EA00AE37B9 /* CoreGraphics.framework */,
				82A9FE1915DC39EA00AE37B9 /* CFNetwork.framework */,
				82A9FE1B15DC39EA00AE37B9 /* MobileCoreServices.framework */,
			);
			name = Frameworks;
			sourceTree = "<group>";
		};
		82A9FE1D15DC39EA00AE37B9 /* CloudTunesNative */ = {
			isa = PBXGroup;
			children = (
				82A9FEC515DC39EC00AE37B9 /* readme.txt */,
				82A9FED915DC39EC00AE37B9 /* Settings.bundle */,
				82A9FE2715DC39EA00AE37B9 /* dependencies */,
				82A9FEB215DC39EB00AE37B9 /* Resources */,
				82A9FEC715DC39EC00AE37B9 /* Classes */,
				82A9FECE15DC39EC00AE37B9 /* NativeRestApp */,
				82A9FE1E15DC39EA00AE37B9 /* Supporting Files */,
			);
			path = CloudTunesNative;
			sourceTree = "<group>";
		};
		82A9FE1E15DC39EA00AE37B9 /* Supporting Files */ = {
			isa = PBXGroup;
			children = (
				82A9FE1F15DC39EA00AE37B9 /* CloudTunesNative-Info.plist */,
				82A9FE2015DC39EA00AE37B9 /* InfoPlist.strings */,
				82A9FE2315DC39EA00AE37B9 /* main.m */,
				82A9FE2515DC39EA00AE37B9 /* CloudTunesNative-Prefix.pch */,
			);
			name = "Supporting Files";
			sourceTree = "<group>";
		};
		82A9FE2715DC39EA00AE37B9 /* dependencies */ = {
			isa = PBXGroup;
			children = (
				82A9FED315DC39EC00AE37B9 /* libxml2.dylib */,
				82A9FED515DC39EC00AE37B9 /* libsqlite3.dylib */,
				82A9FED715DC39EC00AE37B9 /* libz.dylib */,
				82A9FE2815DC39EA00AE37B9 /* RestKit */,
				82A9FE7E15DC39EB00AE37B9 /* SalesforceCommonUtils */,
				82A9FE9A15DC39EB00AE37B9 /* SalesforceOAuth */,
				82A9FEA115DC39EB00AE37B9 /* SalesforceSDK */,
			);
			name = dependencies;
			sourceTree = "<group>";
		};
		82A9FE2815DC39EA00AE37B9 /* RestKit */ = {
			isa = PBXGroup;
			children = (
				82A9FE7C15DC39EB00AE37B9 /* libRestKit.a */,
				82A9FE2915DC39EA00AE37B9 /* include */,
			);
			name = RestKit;
			sourceTree = "<group>";
		};
		82A9FE2915DC39EA00AE37B9 /* include */ = {
			isa = PBXGroup;
			children = (
				82A9FE2A15DC39EA00AE37B9 /* RestKit */,
			);
			name = include;
			sourceTree = "<group>";
		};
		82A9FE2A15DC39EA00AE37B9 /* RestKit */ = {
			isa = PBXGroup;
			children = (
				82A9FE2B15DC39EA00AE37B9 /* CoreData.h */,
				82A9FE2C15DC39EA00AE37B9 /* Errors.h */,
				82A9FE2D15DC39EA00AE37B9 /* FileMD5Hash.h */,
				82A9FE2E15DC39EA00AE37B9 /* GCOAuth.h */,
				82A9FE2F15DC39EA00AE37B9 /* JSONKit.h */,
				82A9FE3015DC39EA00AE37B9 /* lcl.h */,
				82A9FE3115DC39EA00AE37B9 /* lcl_config_components.h */,
				82A9FE3215DC39EA00AE37B9 /* lcl_config_components.template.h */,
				82A9FE3315DC39EA00AE37B9 /* lcl_config_extensions.h */,
				82A9FE3415DC39EA00AE37B9 /* lcl_config_extensions.template.h */,
				82A9FE3515DC39EA00AE37B9 /* lcl_config_logger.h */,
				82A9FE3615DC39EA00AE37B9 /* lcl_config_logger.template.h */,
				82A9FE3715DC39EA00AE37B9 /* LCLNSLog.h */,
				82A9FE3815DC39EA00AE37B9 /* Network.h */,
				82A9FE3915DC39EA00AE37B9 /* NSData+Base64.h */,
				82A9FE3A15DC39EA00AE37B9 /* NSData+MD5.h */,
				82A9FE3B15DC39EA00AE37B9 /* NSDictionary+RKAdditions.h */,
				82A9FE3C15DC39EA00AE37B9 /* NSDictionary+RKRequestSerialization.h */,
				82A9FE3D15DC39EA00AE37B9 /* NSManagedObject+ActiveRecord.h */,
				82A9FE3E15DC39EA00AE37B9 /* NSString+MD5.h */,
				82A9FE3F15DC39EA00AE37B9 /* NSString+RestKit.h */,
				82A9FE4015DC39EA00AE37B9 /* NSURL+RestKit.h */,
				82A9FE4115DC39EA00AE37B9 /* ObjectMapping.h */,
				82A9FE4215DC39EA00AE37B9 /* RestKit.h */,
				82A9FE4315DC39EA00AE37B9 /* RKAlert.h */,
				82A9FE4415DC39EA00AE37B9 /* RKClient.h */,
				82A9FE4515DC39EA00AE37B9 /* RKConfigurationDelegate.h */,
				82A9FE4615DC39EA00AE37B9 /* RKDirectory.h */,
				82A9FE4715DC39EA00AE37B9 /* RKDotNetDateFormatter.h */,
				82A9FE4815DC39EA00AE37B9 /* RKDynamicObjectMapping.h */,
				82A9FE4915DC39EA00AE37B9 /* RKErrorMessage.h */,
				82A9FE4A15DC39EA00AE37B9 /* RKFixCategoryBug.h */,
				82A9FE4B15DC39EA00AE37B9 /* RKJSONParserJSONKit.h */,
				82A9FE4C15DC39EA00AE37B9 /* RKLog.h */,
				82A9FE4D15DC39EA00AE37B9 /* RKManagedObjectCache.h */,
				82A9FE4E15DC39EA00AE37B9 /* RKManagedObjectLoader.h */,
				82A9FE4F15DC39EA00AE37B9 /* RKManagedObjectMapping.h */,
				82A9FE5015DC39EA00AE37B9 /* RKManagedObjectMappingOperation.h */,
				82A9FE5115DC39EA00AE37B9 /* RKManagedObjectSeeder.h */,
				82A9FE5215DC39EA00AE37B9 /* RKManagedObjectStore.h */,
				82A9FE5315DC39EA00AE37B9 /* RKManagedObjectThreadSafeInvocation.h */,
				82A9FE5415DC39EA00AE37B9 /* RKMappingOperationQueue.h */,
				82A9FE5515DC39EA00AE37B9 /* RKMIMETypes.h */,
				82A9FE5615DC39EA00AE37B9 /* RKNotifications.h */,
				82A9FE5715DC39EA00AE37B9 /* RKOAuthClient.h */,
				82A9FE5815DC39EA00AE37B9 /* RKObjectAttributeMapping.h */,
				82A9FE5915DC39EA00AE37B9 /* RKObjectLoader.h */,
				82A9FE5A15DC39EA00AE37B9 /* RKObjectLoader_Internals.h */,
				82A9FE5B15DC39EA00AE37B9 /* RKObjectManager.h */,
				82A9FE5C15DC39EA00AE37B9 /* RKObjectMapper.h */,
				82A9FE5D15DC39EA00AE37B9 /* RKObjectMapper_Private.h */,
				82A9FE5E15DC39EA00AE37B9 /* RKObjectMapperError.h */,
				82A9FE5F15DC39EA00AE37B9 /* RKObjectMapping.h */,
				82A9FE6015DC39EA00AE37B9 /* RKObjectMappingDefinition.h */,
				82A9FE6115DC39EA00AE37B9 /* RKObjectMappingOperation.h */,
				82A9FE6215DC39EB00AE37B9 /* RKObjectMappingProvider.h */,
				82A9FE6315DC39EB00AE37B9 /* RKObjectMappingResult.h */,
				82A9FE6415DC39EB00AE37B9 /* RKObjectPropertyInspector+CoreData.h */,
				82A9FE6515DC39EB00AE37B9 /* RKObjectPropertyInspector.h */,
				82A9FE6615DC39EB00AE37B9 /* RKObjectRelationshipMapping.h */,
				82A9FE6715DC39EB00AE37B9 /* RKObjectRouter.h */,
				82A9FE6815DC39EB00AE37B9 /* RKObjectSerializer.h */,
				82A9FE6915DC39EB00AE37B9 /* RKParams.h */,
				82A9FE6A15DC39EB00AE37B9 /* RKParamsAttachment.h */,
				82A9FE6B15DC39EB00AE37B9 /* RKParser.h */,
				82A9FE6C15DC39EB00AE37B9 /* RKParserRegistry.h */,
				82A9FE6D15DC39EB00AE37B9 /* RKPathMatcher.h */,
				82A9FE6E15DC39EB00AE37B9 /* RKReachabilityObserver.h */,
				82A9FE6F15DC39EB00AE37B9 /* RKRequest.h */,
				82A9FE7015DC39EB00AE37B9 /* RKRequest_Internals.h */,
				82A9FE7115DC39EB00AE37B9 /* RKRequestCache.h */,
				82A9FE7215DC39EB00AE37B9 /* RKRequestQueue.h */,
				82A9FE7315DC39EB00AE37B9 /* RKRequestSerializable.h */,
				82A9FE7415DC39EB00AE37B9 /* RKRequestSerialization.h */,
				82A9FE7515DC39EB00AE37B9 /* RKResponse.h */,
				82A9FE7615DC39EB00AE37B9 /* RKRouter.h */,
				82A9FE7715DC39EB00AE37B9 /* RKSearchEngine.h */,
				82A9FE7815DC39EB00AE37B9 /* RKURL.h */,
				82A9FE7915DC39EB00AE37B9 /* RKXMLParserLibXML.h */,
				82A9FE7A15DC39EB00AE37B9 /* SOCKit.h */,
				82A9FE7B15DC39EB00AE37B9 /* Support.h */,
			);
			name = RestKit;
			sourceTree = "<group>";
		};
		82A9FE7E15DC39EB00AE37B9 /* SalesforceCommonUtils */ = {
			isa = PBXGroup;
			children = (
				82A9FE7F15DC39EB00AE37B9 /* Headers */,
				82A9FE9715DC39EB00AE37B9 /* Libraries */,
			);
			name = SalesforceCommonUtils;
			sourceTree = "<group>";
		};
		82A9FE7F15DC39EB00AE37B9 /* Headers */ = {
			isa = PBXGroup;
			children = (
				82A9FE8015DC39EB00AE37B9 /* NSData+SFAdditions.h */,
				82A9FE8115DC39EB00AE37B9 /* NSDictionary+SFAdditions.h */,
				82A9FE8215DC39EB00AE37B9 /* NSObject+SFBlocks.h */,
				82A9FE8315DC39EB00AE37B9 /* NSString+SFAdditions.h */,
				82A9FE8415DC39EB00AE37B9 /* NSString+SFPathAdditions.h */,
				82A9FE8515DC39EB00AE37B9 /* SFCoverView.h */,
				82A9FE8615DC39EB00AE37B9 /* SFDateUtil.h */,
				82A9FE8715DC39EB00AE37B9 /* SFDeviceInfo.h */,
				82A9FE8815DC39EB00AE37B9 /* SFEncryptionManager.h */,
				82A9FE8915DC39EB00AE37B9 /* SFGradientView.h */,
				82A9FE8A15DC39EB00AE37B9 /* SFKeychainItemWrapper.h */,
				82A9FE8B15DC39EB00AE37B9 /* SFLogger.h */,
				82A9FE8C15DC39EB00AE37B9 /* SFMD5.h */,
				82A9FE8D15DC39EB00AE37B9 /* SFPadPickListViewController.h */,
				82A9FE8E15DC39EB00AE37B9 /* SFPathUtil.h */,
				82A9FE8F15DC39EB00AE37B9 /* SFPhonePickListViewController.h */,
				82A9FE9015DC39EB00AE37B9 /* SFPickListViewController.h */,
				82A9FE9115DC39EB00AE37B9 /* SFTestContext.h */,
				82A9FE9215DC39EB00AE37B9 /* UIActionSheet+SFBlocks.h */,
				82A9FE9315DC39EB00AE37B9 /* UIAlertView+SFBlocks.h */,
				82A9FE9415DC39EB00AE37B9 /* UIBarButtonItem+SFAddtions.h */,
				82A9FE9515DC39EB00AE37B9 /* UIDevice+SFHardware.h */,
				82A9FE9615DC39EB00AE37B9 /* UILabel+SFAdditions.h */,
			);
			name = Headers;
			sourceTree = "<group>";
		};
		82A9FE9715DC39EB00AE37B9 /* Libraries */ = {
			isa = PBXGroup;
			children = (
				82A9FE9815DC39EB00AE37B9 /* libSalesforceCommonUtils.a */,
			);
			name = Libraries;
			sourceTree = "<group>";
		};
		82A9FE9A15DC39EB00AE37B9 /* SalesforceOAuth */ = {
			isa = PBXGroup;
			children = (
				82A9FE9F15DC39EB00AE37B9 /* libSalesforceOAuth.a */,
				82A9FE9B15DC39EB00AE37B9 /* include */,
			);
			name = SalesforceOAuth;
			sourceTree = "<group>";
		};
		82A9FE9B15DC39EB00AE37B9 /* include */ = {
			isa = PBXGroup;
			children = (
				82A9FE9C15DC39EB00AE37B9 /* SalesforceOAuth */,
			);
			name = include;
			sourceTree = "<group>";
		};
		82A9FE9C15DC39EB00AE37B9 /* SalesforceOAuth */ = {
			isa = PBXGroup;
			children = (
				82A9FE9D15DC39EB00AE37B9 /* SFOAuthCoordinator.h */,
				82A9FE9E15DC39EB00AE37B9 /* SFOAuthCredentials.h */,
			);
			name = SalesforceOAuth;
			sourceTree = "<group>";
		};
		82A9FEA115DC39EB00AE37B9 /* SalesforceSDK */ = {
			isa = PBXGroup;
			children = (
				82A9FEB015DC39EB00AE37B9 /* libSalesforceSDK.a */,
				82A9FEA215DC39EB00AE37B9 /* include */,
			);
			name = SalesforceSDK;
			sourceTree = "<group>";
		};
		82A9FEA215DC39EB00AE37B9 /* include */ = {
			isa = PBXGroup;
			children = (
				82A9FEA315DC39EB00AE37B9 /* SalesforceSDK */,
			);
			name = include;
			sourceTree = "<group>";
		};
		82A9FEA315DC39EB00AE37B9 /* SalesforceSDK */ = {
			isa = PBXGroup;
			children = (
				82A9FEA415DC39EB00AE37B9 /* SalesforceSDKConstants.h */,
				82A9FEA515DC39EB00AE37B9 /* SFApplication.h */,
				82A9FEA615DC39EB00AE37B9 /* SFAccountManager.h */,
				82A9FEA715DC39EB00AE37B9 /* SFAuthorizingViewController.h */,
				82A9FEA815DC39EB00AE37B9 /* SFIdentityCoordinator.h */,
				82A9FEA915DC39EB00AE37B9 /* SFIdentityData.h */,
				82A9FEAA15DC39EB00AE37B9 /* SFNativeRestAppDelegate.h */,
				82A9FEAB15DC39EB00AE37B9 /* SFNativeRootViewController.h */,
				82A9FEAC15DC39EB00AE37B9 /* SFRestAPI.h */,
				82A9FEAD15DC39EB00AE37B9 /* SFRestAPI+Blocks.h */,
				82A9FEAE15DC39EB00AE37B9 /* SFRestAPI+QueryBuilder.h */,
				82A9FEAF15DC39EB00AE37B9 /* SFRestRequest.h */,
			);
			name = SalesforceSDK;
			sourceTree = "<group>";
		};
		82A9FEB215DC39EB00AE37B9 /* Resources */ = {
			isa = PBXGroup;
			children = (
				82A9FEEB15DC3F4100AE37B9 /* albums.png */,
				82A9FEB315DC39EB00AE37B9 /* icons */,
				82A9FEBA15DC39EB00AE37B9 /* splash */,
			);
			name = Resources;
			sourceTree = "<group>";
		};
		82A9FEB315DC39EB00AE37B9 /* icons */ = {
			isa = PBXGroup;
			children = (
				82A9FEB415DC39EB00AE37B9 /* icon-72.png */,
				82A9FEB615DC39EB00AE37B9 /* icon.png */,
				82A9FEB815DC39EB00AE37B9 /* icon@2x.png */,
			);
			name = icons;
			sourceTree = "<group>";
		};
		82A9FEBA15DC39EB00AE37B9 /* splash */ = {
			isa = PBXGroup;
			children = (
				82A9FEBB15DC39EB00AE37B9 /* Default-Landscape~ipad.png */,
				82A9FEBD15DC39EB00AE37B9 /* Default-Portrait~ipad.png */,
				82A9FEBF15DC39EB00AE37B9 /* Default.png */,
				82A9FEC115DC39EC00AE37B9 /* Default@2x.png */,
				82A9FEC315DC39EC00AE37B9 /* Default~iPad.png */,
			);
			name = splash;
			sourceTree = "<group>";
		};
		82A9FEC715DC39EC00AE37B9 /* Classes */ = {
			isa = PBXGroup;
			children = (
				82A9FEC815DC39EC00AE37B9 /* AppDelegate.h */,
				82A9FEC915DC39EC00AE37B9 /* AppDelegate.m */,
				82A9FECB15DC39EC00AE37B9 /* RootViewController.h */,
				82A9FECC15DC39EC00AE37B9 /* RootViewController.m */,
				82A9FEE415DC3BDF00AE37B9 /* TrackDetailsViewController.h */,
				82A9FEE515DC3BDF00AE37B9 /* TrackDetailsViewController.m */,
				82A9FEE615DC3BDF00AE37B9 /* TrackDetailsViewController.xib */,
			);
			name = Classes;
			sourceTree = "<group>";
		};
		82A9FECE15DC39EC00AE37B9 /* NativeRestApp */ = {
			isa = PBXGroup;
			children = (
				82A9FECF15DC39EC00AE37B9 /* SFAuthorizingViewController.xib */,
				82A9FED115DC39EC00AE37B9 /* SFNativeRootViewController.xib */,
			);
			name = NativeRestApp;
			sourceTree = "<group>";
		};
/* End PBXGroup section */

/* Begin PBXNativeTarget section */
		82A9FE0615DC39EA00AE37B9 /* CloudTunesNative */ = {
			isa = PBXNativeTarget;
			buildConfigurationList = 82A9FEDD15DC39EC00AE37B9 /* Build configuration list for PBXNativeTarget "CloudTunesNative" */;
			buildPhases = (
				82A9FE0215DC39EA00AE37B9 /* Sources */,
				82A9FE0315DC39EA00AE37B9 /* Frameworks */,
				82A9FE0415DC39EA00AE37B9 /* Resources */,
				82A9FE0515DC39EA00AE37B9 /* Sources */,
			);
			buildRules = (
			);
			dependencies = (
			);
			name = CloudTunesNative;
			productName = CloudTunesNative;
			productReference = 82A9FE0715DC39EA00AE37B9 /* CloudTunesNative.app */;
			productType = "com.apple.product-type.application";
		};
/* End PBXNativeTarget section */

/* Begin PBXProject section */
		82A9FDFD15DC39EA00AE37B9 /* Project object */ = {
			isa = PBXProject;
			attributes = {
				LastUpgradeCheck = 0440;
				ORGANIZATIONNAME = salesforce.com;
			};
			buildConfigurationList = 82A9FE0015DC39EA00AE37B9 /* Build configuration list for PBXProject "CloudTunesNative" */;
			compatibilityVersion = "Xcode 3.2";
			developmentRegion = English;
			hasScannedForEncodings = 0;
			knownRegions = (
				en,
			);
			mainGroup = 82A9FDFB15DC39EA00AE37B9;
			productRefGroup = 82A9FE0815DC39EA00AE37B9 /* Products */;
			projectDirPath = "";
			projectRoot = "";
			targets = (
				82A9FE0615DC39EA00AE37B9 /* CloudTunesNative */,
			);
		};
/* End PBXProject section */

/* Begin PBXResourcesBuildPhase section */
		82A9FE0415DC39EA00AE37B9 /* Resources */ = {
			isa = PBXResourcesBuildPhase;
			buildActionMask = 2147483647;
			files = (
				82A9FE2215DC39EA00AE37B9 /* InfoPlist.strings in Resources */,
				82A9FE2615DC39EA00AE37B9 /* CloudTunesNative-Prefix.pch in Resources */,
				82A9FEB515DC39EB00AE37B9 /* icon-72.png in Resources */,
				82A9FEB715DC39EB00AE37B9 /* icon.png in Resources */,
				82A9FEB915DC39EB00AE37B9 /* icon@2x.png in Resources */,
				82A9FEBC15DC39EB00AE37B9 /* Default-Landscape~ipad.png in Resources */,
				82A9FEBE15DC39EB00AE37B9 /* Default-Portrait~ipad.png in Resources */,
				82A9FEC015DC39EB00AE37B9 /* Default.png in Resources */,
				82A9FEC215DC39EC00AE37B9 /* Default@2x.png in Resources */,
				82A9FEC415DC39EC00AE37B9 /* Default~iPad.png in Resources */,
				82A9FEC615DC39EC00AE37B9 /* readme.txt in Resources */,
				82A9FED015DC39EC00AE37B9 /* SFAuthorizingViewController.xib in Resources */,
				82A9FED215DC39EC00AE37B9 /* SFNativeRootViewController.xib in Resources */,
				82A9FEDA15DC39EC00AE37B9 /* Settings.bundle in Resources */,
				82A9FEE815DC3BDF00AE37B9 /* TrackDetailsViewController.xib in Resources */,
				82A9FEEC15DC3F4100AE37B9 /* albums.png in Resources */,
			);
			runOnlyForDeploymentPostprocessing = 0;
		};
/* End PBXResourcesBuildPhase section */

/* Begin PBXSourcesBuildPhase section */
		82A9FE0215DC39EA00AE37B9 /* Sources */ = {
			isa = PBXSourcesBuildPhase;
			buildActionMask = 2147483647;
			files = (
				82A9FE2415DC39EA00AE37B9 /* main.m in Sources */,
				82A9FECA15DC39EC00AE37B9 /* AppDelegate.m in Sources */,
				82A9FECD15DC39EC00AE37B9 /* RootViewController.m in Sources */,
				82A9FEE715DC3BDF00AE37B9 /* TrackDetailsViewController.m in Sources */,
			);
			runOnlyForDeploymentPostprocessing = 0;
		};
		82A9FE0515DC39EA00AE37B9 /* Sources */ = {
			isa = PBXSourcesBuildPhase;
			buildActionMask = 2147483647;
			files = (
			);
			runOnlyForDeploymentPostprocessing = 0;
		};
/* End PBXSourcesBuildPhase section */

/* Begin PBXVariantGroup section */
		82A9FE2015DC39EA00AE37B9 /* InfoPlist.strings */ = {
			isa = PBXVariantGroup;
			children = (
				82A9FE2115DC39EA00AE37B9 /* en */,
			);
			name = InfoPlist.strings;
			sourceTree = "<group>";
		};
/* End PBXVariantGroup section */

/* Begin XCBuildConfiguration section */
		82A9FEDB15DC39EC00AE37B9 /* Debug */ = {
			isa = XCBuildConfiguration;
			buildSettings = {
				ALWAYS_SEARCH_USER_PATHS = NO;
				ARCHS = "$(ARCHS_STANDARD_32_BIT)";
				CLANG_CXX_LANGUAGE_STANDARD = "gnu++0x";
				CLANG_WARN__DUPLICATE_METHOD_MATCH = YES;
				CODE_SIGN_IDENTITY = "iPhone Developer";
				COPY_PHASE_STRIP = NO;
				GCC_C_LANGUAGE_STANDARD = gnu99;
				GCC_DYNAMIC_NO_PIC = NO;
				GCC_OPTIMIZATION_LEVEL = 0;
				GCC_PREPROCESSOR_DEFINITIONS = (
					"DEBUG=1",
					"$(inherited)",
				);
				GCC_SYMBOLS_PRIVATE_EXTERN = NO;
				GCC_VERSION = com.apple.compilers.llvm.clang.1_0;
				GCC_WARN_ABOUT_RETURN_TYPE = YES;
				GCC_WARN_UNINITIALIZED_AUTOS = YES;
				GCC_WARN_UNUSED_VARIABLE = YES;
				IPHONEOS_DEPLOYMENT_TARGET = 5.0;
				OTHER_LDFLAGS = (
					"-ObjC",
					"-all_load",
				);
				SDKROOT = iphoneos;
				TARGETED_DEVICE_FAMILY = "1,2";
			};
			name = Debug;
		};
		82A9FEDC15DC39EC00AE37B9 /* Release */ = {
			isa = XCBuildConfiguration;
			buildSettings = {
				ALWAYS_SEARCH_USER_PATHS = NO;
				ARCHS = "$(ARCHS_STANDARD_32_BIT)";
				CLANG_CXX_LANGUAGE_STANDARD = "gnu++0x";
				CLANG_WARN__DUPLICATE_METHOD_MATCH = YES;
				CODE_SIGN_IDENTITY = "iPhone Developer";
				COPY_PHASE_STRIP = YES;
				GCC_C_LANGUAGE_STANDARD = gnu99;
				GCC_VERSION = com.apple.compilers.llvm.clang.1_0;
				GCC_WARN_ABOUT_RETURN_TYPE = YES;
				GCC_WARN_UNINITIALIZED_AUTOS = YES;
				GCC_WARN_UNUSED_VARIABLE = YES;
				IPHONEOS_DEPLOYMENT_TARGET = 5.0;
				OTHER_LDFLAGS = (
					"-ObjC",
					"-all_load",
				);
				SDKROOT = iphoneos;
				TARGETED_DEVICE_FAMILY = "1,2";
				VALIDATE_PRODUCT = YES;
			};
			name = Release;
		};
		82A9FEDE15DC39EC00AE37B9 /* Debug */ = {
			isa = XCBuildConfiguration;
			buildSettings = {
				GCC_PRECOMPILE_PREFIX_HEADER = YES;
				GCC_PREFIX_HEADER = "CloudTunesNative/CloudTunesNative-Prefix.pch";
				INFOPLIST_FILE = "CloudTunesNative/CloudTunesNative-Info.plist";
				LIBRARY_SEARCH_PATHS = (
					"$(inherited)",
					"\"$(SRCROOT)/CloudTunesNative/dependencies/RestKit\"",
					"\"$(SRCROOT)/CloudTunesNative/dependencies/SalesforceCommonUtils/Libraries\"",
					"\"$(SRCROOT)/CloudTunesNative/dependencies/SalesforceOAuth/Libraries\"",
					"\"$(SRCROOT)/CloudTunesNative/dependencies/SalesforceSDK\"",
					"\"$(SDKROOT)//usr/lib\"",
				);
				PRODUCT_NAME = "$(TARGET_NAME)";
				WRAPPER_EXTENSION = app;
			};
			name = Debug;
		};
		82A9FEDF15DC39EC00AE37B9 /* Release */ = {
			isa = XCBuildConfiguration;
			buildSettings = {
				GCC_PRECOMPILE_PREFIX_HEADER = YES;
				GCC_PREFIX_HEADER = "CloudTunesNative/CloudTunesNative-Prefix.pch";
				INFOPLIST_FILE = "CloudTunesNative/CloudTunesNative-Info.plist";
				LIBRARY_SEARCH_PATHS = (
					"$(inherited)",
					"\"$(SRCROOT)/CloudTunesNative/dependencies/RestKit\"",
					"\"$(SRCROOT)/CloudTunesNative/dependencies/SalesforceCommonUtils/Libraries\"",
					"\"$(SRCROOT)/CloudTunesNative/dependencies/SalesforceOAuth/Libraries\"",
					"\"$(SRCROOT)/CloudTunesNative/dependencies/SalesforceSDK\"",
					"\"$(SDKROOT)//usr/lib\"",
				);
				PRODUCT_NAME = "$(TARGET_NAME)";
				WRAPPER_EXTENSION = app;
			};
			name = Release;
		};
/* End XCBuildConfiguration section */

/* Begin XCConfigurationList section */
		82A9FE0015DC39EA00AE37B9 /* Build configuration list for PBXProject "CloudTunesNative" */ = {
			isa = XCConfigurationList;
			buildConfigurations = (
				82A9FEDB15DC39EC00AE37B9 /* Debug */,
				82A9FEDC15DC39EC00AE37B9 /* Release */,
			);
			defaultConfigurationIsVisible = 0;
			defaultConfigurationName = Release;
		};
		82A9FEDD15DC39EC00AE37B9 /* Build configuration list for PBXNativeTarget "CloudTunesNative" */ = {
			isa = XCConfigurationList;
			buildConfigurations = (
				82A9FEDE15DC39EC00AE37B9 /* Debug */,
				82A9FEDF15DC39EC00AE37B9 /* Release */,
			);
			defaultConfigurationIsVisible = 0;
		};
/* End XCConfigurationList section */
	};
	rootObject = 82A9FDFD15DC39EA00AE37B9 /* Project object */;
}
